
Microsoft Visual Studio Solution File, Format Version 12.00
# Visual Studio Version 18
VisualStudioVersion = 18.1.11312.151
MinimumVisualStudioVersion = 10.0.40219.1
Project("{2150E333-8FDC-42A3-9474-1A3956D46DE8}") = "Solution Items", "Solution Items", "{5B063402-7947-4E34-A638-E00FE81E3ACE}"
	ProjectSection(SolutionItems) = preProject
		.editorconfig = .editorconfig
		AddMigrationScript.ps1 = AddMigrationScript.ps1
		GlobalSuppressions.cs = GlobalSuppressions.cs
		stylecop.json = stylecop.json
	EndProjectSection
EndProject
Project("{FAE04EC0-301F-11D3-BF4B-00C04F79EFBC}") = "Cosmos.Common", "Common\Cosmos.Common.csproj", "{2233829B-29FC-4E78-9245-124E30FE1A48}"
EndProject
Project("{FAE04EC0-301F-11D3-BF4B-00C04F79EFBC}") = "Sky.Publisher", "Publisher\Sky.Publisher.csproj", "{FA561356-EE78-4B23-B5B5-B6D6882803B5}"
EndProject
Project("{FAE04EC0-301F-11D3-BF4B-00C04F79EFBC}") = "Cosmos.DynamicConfig", "Cosmos.ConnectionStrings\Cosmos.DynamicConfig.csproj", "{70D8E9EA-B453-2994-F298-2710D7C54110}"
EndProject
Project("{FAE04EC0-301F-11D3-BF4B-00C04F79EFBC}") = "Cosmos.BlobService", "Cosmos.BlobService\Cosmos.BlobService.csproj", "{64FDAA1C-34E7-7934-3DB2-CEC111894009}"
EndProject
Project("{FAE04EC0-301F-11D3-BF4B-00C04F79EFBC}") = "Sky.Editor", "Editor\Sky.Editor.csproj", "{AC03A22A-54ED-5D8A-9B92-90FD1178AD85}"
EndProject
Project("{FAE04EC0-301F-11D3-BF4B-00C04F79EFBC}") = "AspNetCore.Identity.FlexDb", "AspNetCore.Identity.FlexDb\AspNetCore.Identity.FlexDb.csproj", "{F9CA3D7A-2839-16ED-5B32-587FE415EDDF}"
EndProject
Project("{2150E333-8FDC-42A3-9474-1A3956D46DE8}") = "Tests", "Tests", "{0AB3BF05-4346-4AA6-1389-037BE0695223}"
EndProject
Project("{FAE04EC0-301F-11D3-BF4B-00C04F79EFBC}") = "Sky.Tests", "Tests\Sky.Tests.csproj", "{631AF051-D045-4D90-9D21-6134ED5325DB}"
EndProject
Project("{FAE04EC0-301F-11D3-BF4B-00C04F79EFBC}") = "AspNetCore.Identity.FlexDb.Tests", "AspNetCore.Identity.FlexDb.Tests\AspNetCore.Identity.FlexDb.Tests.csproj", "{05AA7C0B-7C39-638A-7D26-CC806E5F263D}"
EndProject
Project("{FAE04EC0-301F-11D3-BF4B-00C04F79EFBC}") = "Sky.TestSetup", "Sky.TestSetup\Sky.TestSetup.csproj", "{6399FD65-1892-4630-95C0-BCBE30F51E3A}"
EndProject
Project("{FAE04EC0-301F-11D3-BF4B-00C04F79EFBC}") = "Sky.Cms.Api.Shared", "Sky.Cms.Api.Shared\Sky.Cms.Api.Shared.csproj", "{497E0087-B4E8-4777-A257-D2BA8AA6B5E1}"
EndProject
Project("{FAE04EC0-301F-11D3-BF4B-00C04F79EFBC}") = "Cosmos.EmailServices", "Cosmos.EmailServices\Cosmos.EmailServices.csproj", "{97068073-75CE-A2DC-493E-5EFC7CD3A2AA}"
EndProject
Global
	GlobalSection(SolutionConfigurationPlatforms) = preSolution
		Debug|Any CPU = Debug|Any CPU
		Debug|x64 = Debug|x64
		Debug|x86 = Debug|x86
		Release|Any CPU = Release|Any CPU
		Release|x64 = Release|x64
		Release|x86 = Release|x86
	EndGlobalSection
	GlobalSection(ProjectConfigurationPlatforms) = postSolution
		{2233829B-29FC-4E78-9245-124E30FE1A48}.Debug|Any CPU.ActiveCfg = Debug|Any CPU
		{2233829B-29FC-4E78-9245-124E30FE1A48}.Debug|Any CPU.Build.0 = Debug|Any CPU
		{2233829B-29FC-4E78-9245-124E30FE1A48}.Debug|x64.ActiveCfg = Debug|Any CPU
		{2233829B-29FC-4E78-9245-124E30FE1A48}.Debug|x64.Build.0 = Debug|Any CPU
		{2233829B-29FC-4E78-9245-124E30FE1A48}.Debug|x86.ActiveCfg = Debug|Any CPU
		{2233829B-29FC-4E78-9245-124E30FE1A48}.Debug|x86.Build.0 = Debug|Any CPU
		{2233829B-29FC-4E78-9245-124E30FE1A48}.Release|Any CPU.ActiveCfg = Release|Any CPU
		{2233829B-29FC-4E78-9245-124E30FE1A48}.Release|Any CPU.Build.0 = Release|Any CPU
		{2233829B-29FC-4E78-9245-124E30FE1A48}.Release|x64.ActiveCfg = Release|Any CPU
		{2233829B-29FC-4E78-9245-124E30FE1A48}.Release|x64.Build.0 = Release|Any CPU
		{2233829B-29FC-4E78-9245-124E30FE1A48}.Release|x86.ActiveCfg = Release|Any CPU
		{2233829B-29FC-4E78-9245-124E30FE1A48}.Release|x86.Build.0 = Release|Any CPU
		{FA561356-EE78-4B23-B5B5-B6D6882803B5}.Debug|Any CPU.ActiveCfg = Debug|Any CPU
		{FA561356-EE78-4B23-B5B5-B6D6882803B5}.Debug|Any CPU.Build.0 = Debug|Any CPU
		{FA561356-EE78-4B23-B5B5-B6D6882803B5}.Debug|x64.ActiveCfg = Debug|Any CPU
		{FA561356-EE78-4B23-B5B5-B6D6882803B5}.Debug|x64.Build.0 = Debug|Any CPU
		{FA561356-EE78-4B23-B5B5-B6D6882803B5}.Debug|x86.ActiveCfg = Debug|Any CPU
		{FA561356-EE78-4B23-B5B5-B6D6882803B5}.Debug|x86.Build.0 = Debug|Any CPU
		{FA561356-EE78-4B23-B5B5-B6D6882803B5}.Release|Any CPU.ActiveCfg = Release|Any CPU
		{FA561356-EE78-4B23-B5B5-B6D6882803B5}.Release|Any CPU.Build.0 = Release|Any CPU
		{FA561356-EE78-4B23-B5B5-B6D6882803B5}.Release|x64.ActiveCfg = Release|Any CPU
		{FA561356-EE78-4B23-B5B5-B6D6882803B5}.Release|x64.Build.0 = Release|Any CPU
		{FA561356-EE78-4B23-B5B5-B6D6882803B5}.Release|x86.ActiveCfg = Release|Any CPU
		{FA561356-EE78-4B23-B5B5-B6D6882803B5}.Release|x86.Build.0 = Release|Any CPU
		{70D8E9EA-B453-2994-F298-2710D7C54110}.Debug|Any CPU.ActiveCfg = Debug|Any CPU
		{70D8E9EA-B453-2994-F298-2710D7C54110}.Debug|Any CPU.Build.0 = Debug|Any CPU
		{70D8E9EA-B453-2994-F298-2710D7C54110}.Debug|x64.ActiveCfg = Debug|Any CPU
		{70D8E9EA-B453-2994-F298-2710D7C54110}.Debug|x64.Build.0 = Debug|Any CPU
		{70D8E9EA-B453-2994-F298-2710D7C54110}.Debug|x86.ActiveCfg = Debug|Any CPU
		{70D8E9EA-B453-2994-F298-2710D7C54110}.Debug|x86.Build.0 = Debug|Any CPU
		{70D8E9EA-B453-2994-F298-2710D7C54110}.Release|Any CPU.ActiveCfg = Release|Any CPU
		{70D8E9EA-B453-2994-F298-2710D7C54110}.Release|Any CPU.Build.0 = Release|Any CPU
		{70D8E9EA-B453-2994-F298-2710D7C54110}.Release|x64.ActiveCfg = Release|Any CPU
		{70D8E9EA-B453-2994-F298-2710D7C54110}.Release|x64.Build.0 = Release|Any CPU
		{70D8E9EA-B453-2994-F298-2710D7C54110}.Release|x86.ActiveCfg = Release|Any CPU
		{70D8E9EA-B453-2994-F298-2710D7C54110}.Release|x86.Build.0 = Release|Any CPU
		{64FDAA1C-34E7-7934-3DB2-CEC111894009}.Debug|Any CPU.ActiveCfg = Debug|Any CPU
		{64FDAA1C-34E7-7934-3DB2-CEC111894009}.Debug|Any CPU.Build.0 = Debug|Any CPU
		{64FDAA1C-34E7-7934-3DB2-CEC111894009}.Debug|x64.ActiveCfg = Debug|Any CPU
		{64FDAA1C-34E7-7934-3DB2-CEC111894009}.Debug|x64.Build.0 = Debug|Any CPU
		{64FDAA1C-34E7-7934-3DB2-CEC111894009}.Debug|x86.ActiveCfg = Debug|Any CPU
		{64FDAA1C-34E7-7934-3DB2-CEC111894009}.Debug|x86.Build.0 = Debug|Any CPU
		{64FDAA1C-34E7-7934-3DB2-CEC111894009}.Release|Any CPU.ActiveCfg = Release|Any CPU
		{64FDAA1C-34E7-7934-3DB2-CEC111894009}.Release|Any CPU.Build.0 = Release|Any CPU
		{64FDAA1C-34E7-7934-3DB2-CEC111894009}.Release|x64.ActiveCfg = Release|Any CPU
		{64FDAA1C-34E7-7934-3DB2-CEC111894009}.Release|x64.Build.0 = Release|Any CPU
		{64FDAA1C-34E7-7934-3DB2-CEC111894009}.Release|x86.ActiveCfg = Release|Any CPU
		{64FDAA1C-34E7-7934-3DB2-CEC111894009}.Release|x86.Build.0 = Release|Any CPU
		{AC03A22A-54ED-5D8A-9B92-90FD1178AD85}.Debug|Any CPU.ActiveCfg = Debug|Any CPU
		{AC03A22A-54ED-5D8A-9B92-90FD1178AD85}.Debug|Any CPU.Build.0 = Debug|Any CPU
		{AC03A22A-54ED-5D8A-9B92-90FD1178AD85}.Debug|x64.ActiveCfg = Debug|Any CPU
		{AC03A22A-54ED-5D8A-9B92-90FD1178AD85}.Debug|x64.Build.0 = Debug|Any CPU
		{AC03A22A-54ED-5D8A-9B92-90FD1178AD85}.Debug|x86.ActiveCfg = Debug|Any CPU
		{AC03A22A-54ED-5D8A-9B92-90FD1178AD85}.Debug|x86.Build.0 = Debug|Any CPU
		{AC03A22A-54ED-5D8A-9B92-90FD1178AD85}.Release|Any CPU.ActiveCfg = Release|Any CPU
		{AC03A22A-54ED-5D8A-9B92-90FD1178AD85}.Release|Any CPU.Build.0 = Release|Any CPU
		{AC03A22A-54ED-5D8A-9B92-90FD1178AD85}.Release|x64.ActiveCfg = Release|Any CPU
		{AC03A22A-54ED-5D8A-9B92-90FD1178AD85}.Release|x64.Build.0 = Release|Any CPU
		{AC03A22A-54ED-5D8A-9B92-90FD1178AD85}.Release|x86.ActiveCfg = Release|Any CPU
		{AC03A22A-54ED-5D8A-9B92-90FD1178AD85}.Release|x86.Build.0 = Release|Any CPU
		{F9CA3D7A-2839-16ED-5B32-587FE415EDDF}.Debug|Any CPU.ActiveCfg = Debug|Any CPU
		{F9CA3D7A-2839-16ED-5B32-587FE415EDDF}.Debug|Any CPU.Build.0 = Debug|Any CPU
		{F9CA3D7A-2839-16ED-5B32-587FE415EDDF}.Debug|x64.ActiveCfg = Debug|Any CPU
		{F9CA3D7A-2839-16ED-5B32-587FE415EDDF}.Debug|x64.Build.0 = Debug|Any CPU
		{F9CA3D7A-2839-16ED-5B32-587FE415EDDF}.Debug|x86.ActiveCfg = Debug|Any CPU
		{F9CA3D7A-2839-16ED-5B32-587FE415EDDF}.Debug|x86.Build.0 = Debug|Any CPU
		{F9CA3D7A-2839-16ED-5B32-587FE415EDDF}.Release|Any CPU.ActiveCfg = Release|Any CPU
		{F9CA3D7A-2839-16ED-5B32-587FE415EDDF}.Release|Any CPU.Build.0 = Release|Any CPU
		{F9CA3D7A-2839-16ED-5B32-587FE415EDDF}.Release|x64.ActiveCfg = Release|Any CPU
		{F9CA3D7A-2839-16ED-5B32-587FE415EDDF}.Release|x64.Build.0 = Release|Any CPU
		{F9CA3D7A-2839-16ED-5B32-587FE415EDDF}.Release|x86.ActiveCfg = Release|Any CPU
		{F9CA3D7A-2839-16ED-5B32-587FE415EDDF}.Release|x86.Build.0 = Release|Any CPU
		{631AF051-D045-4D90-9D21-6134ED5325DB}.Debug|Any CPU.ActiveCfg = Debug|Any CPU
		{631AF051-D045-4D90-9D21-6134ED5325DB}.Debug|Any CPU.Build.0 = Debug|Any CPU
		{631AF051-D045-4D90-9D21-6134ED5325DB}.Debug|x64.ActiveCfg = Debug|Any CPU
		{631AF051-D045-4D90-9D21-6134ED5325DB}.Debug|x64.Build.0 = Debug|Any CPU
		{631AF051-D045-4D90-9D21-6134ED5325DB}.Debug|x86.ActiveCfg = Debug|Any CPU
		{631AF051-D045-4D90-9D21-6134ED5325DB}.Debug|x86.Build.0 = Debug|Any CPU
		{631AF051-D045-4D90-9D21-6134ED5325DB}.Release|Any CPU.ActiveCfg = Release|Any CPU
		{631AF051-D045-4D90-9D21-6134ED5325DB}.Release|Any CPU.Build.0 = Release|Any CPU
		{631AF051-D045-4D90-9D21-6134ED5325DB}.Release|x64.ActiveCfg = Release|Any CPU
		{631AF051-D045-4D90-9D21-6134ED5325DB}.Release|x64.Build.0 = Release|Any CPU
		{631AF051-D045-4D90-9D21-6134ED5325DB}.Release|x86.ActiveCfg = Release|Any CPU
		{631AF051-D045-4D90-9D21-6134ED5325DB}.Release|x86.Build.0 = Release|Any CPU
		{05AA7C0B-7C39-638A-7D26-CC806E5F263D}.Debug|Any CPU.ActiveCfg = Debug|Any CPU
		{05AA7C0B-7C39-638A-7D26-CC806E5F263D}.Debug|Any CPU.Build.0 = Debug|Any CPU
		{05AA7C0B-7C39-638A-7D26-CC806E5F263D}.Debug|x64.ActiveCfg = Debug|Any CPU
		{05AA7C0B-7C39-638A-7D26-CC806E5F263D}.Debug|x64.Build.0 = Debug|Any CPU
		{05AA7C0B-7C39-638A-7D26-CC806E5F263D}.Debug|x86.ActiveCfg = Debug|Any CPU
		{05AA7C0B-7C39-638A-7D26-CC806E5F263D}.Debug|x86.Build.0 = Debug|Any CPU
		{05AA7C0B-7C39-638A-7D26-CC806E5F263D}.Release|Any CPU.ActiveCfg = Release|Any CPU
		{05AA7C0B-7C39-638A-7D26-CC806E5F263D}.Release|Any CPU.Build.0 = Release|Any CPU
		{05AA7C0B-7C39-638A-7D26-CC806E5F263D}.Release|x64.ActiveCfg = Release|Any CPU
		{05AA7C0B-7C39-638A-7D26-CC806E5F263D}.Release|x64.Build.0 = Release|Any CPU
		{05AA7C0B-7C39-638A-7D26-CC806E5F263D}.Release|x86.ActiveCfg = Release|Any CPU
		{05AA7C0B-7C39-638A-7D26-CC806E5F263D}.Release|x86.Build.0 = Release|Any CPU
		{6399FD65-1892-4630-95C0-BCBE30F51E3A}.Debug|Any CPU.ActiveCfg = Debug|Any CPU
		{6399FD65-1892-4630-95C0-BCBE30F51E3A}.Debug|Any CPU.Build.0 = Debug|Any CPU
		{6399FD65-1892-4630-95C0-BCBE30F51E3A}.Debug|x64.ActiveCfg = Debug|Any CPU
		{6399FD65-1892-4630-95C0-BCBE30F51E3A}.Debug|x64.Build.0 = Debug|Any CPU
		{6399FD65-1892-4630-95C0-BCBE30F51E3A}.Debug|x86.ActiveCfg = Debug|Any CPU
		{6399FD65-1892-4630-95C0-BCBE30F51E3A}.Debug|x86.Build.0 = Debug|Any CPU
		{6399FD65-1892-4630-95C0-BCBE30F51E3A}.Release|Any CPU.ActiveCfg = Release|Any CPU
		{6399FD65-1892-4630-95C0-BCBE30F51E3A}.Release|Any CPU.Build.0 = Release|Any CPU
		{6399FD65-1892-4630-95C0-BCBE30F51E3A}.Release|x64.ActiveCfg = Release|Any CPU
		{6399FD65-1892-4630-95C0-BCBE30F51E3A}.Release|x64.Build.0 = Release|Any CPU
		{6399FD65-1892-4630-95C0-BCBE30F51E3A}.Release|x86.ActiveCfg = Release|Any CPU
		{6399FD65-1892-4630-95C0-BCBE30F51E3A}.Release|x86.Build.0 = Release|Any CPU
		{497E0087-B4E8-4777-A257-D2BA8AA6B5E1}.Debug|Any CPU.ActiveCfg = Debug|Any CPU
		{497E0087-B4E8-4777-A257-D2BA8AA6B5E1}.Debug|Any CPU.Build.0 = Debug|Any CPU
		{497E0087-B4E8-4777-A257-D2BA8AA6B5E1}.Debug|x64.ActiveCfg = Debug|Any CPU
		{497E0087-B4E8-4777-A257-D2BA8AA6B5E1}.Debug|x64.Build.0 = Debug|Any CPU
		{497E0087-B4E8-4777-A257-D2BA8AA6B5E1}.Debug|x86.ActiveCfg = Debug|Any CPU
		{497E0087-B4E8-4777-A257-D2BA8AA6B5E1}.Debug|x86.Build.0 = Debug|Any CPU
		{497E0087-B4E8-4777-A257-D2BA8AA6B5E1}.Release|Any CPU.ActiveCfg = Release|Any CPU
		{497E0087-B4E8-4777-A257-D2BA8AA6B5E1}.Release|Any CPU.Build.0 = Release|Any CPU
		{497E0087-B4E8-4777-A257-D2BA8AA6B5E1}.Release|x64.ActiveCfg = Release|Any CPU
		{497E0087-B4E8-4777-A257-D2BA8AA6B5E1}.Release|x64.Build.0 = Release|Any CPU
		{497E0087-B4E8-4777-A257-D2BA8AA6B5E1}.Release|x86.ActiveCfg = Release|Any CPU
		{497E0087-B4E8-4777-A257-D2BA8AA6B5E1}.Release|x86.Build.0 = Release|Any CPU
		{97068073-75CE-A2DC-493E-5EFC7CD3A2AA}.Debug|Any CPU.ActiveCfg = Debug|Any CPU
		{97068073-75CE-A2DC-493E-5EFC7CD3A2AA}.Debug|Any CPU.Build.0 = Debug|Any CPU
		{97068073-75CE-A2DC-493E-5EFC7CD3A2AA}.Debug|x64.ActiveCfg = Debug|Any CPU
		{97068073-75CE-A2DC-493E-5EFC7CD3A2AA}.Debug|x64.Build.0 = Debug|Any CPU
		{97068073-75CE-A2DC-493E-5EFC7CD3A2AA}.Debug|x86.ActiveCfg = Debug|Any CPU
		{97068073-75CE-A2DC-493E-5EFC7CD3A2AA}.Debug|x86.Build.0 = Debug|Any CPU
		{97068073-75CE-A2DC-493E-5EFC7CD3A2AA}.Release|Any CPU.ActiveCfg = Release|Any CPU
		{97068073-75CE-A2DC-493E-5EFC7CD3A2AA}.Release|Any CPU.Build.0 = Release|Any CPU
		{97068073-75CE-A2DC-493E-5EFC7CD3A2AA}.Release|x64.ActiveCfg = Release|Any CPU
		{97068073-75CE-A2DC-493E-5EFC7CD3A2AA}.Release|x64.Build.0 = Release|Any CPU
		{97068073-75CE-A2DC-493E-5EFC7CD3A2AA}.Release|x86.ActiveCfg = Release|Any CPU
		{97068073-75CE-A2DC-493E-5EFC7CD3A2AA}.Release|x86.Build.0 = Release|Any CPU
	EndGlobalSection
	GlobalSection(SolutionProperties) = preSolution
		HideSolutionNode = FALSE
	EndGlobalSection
	GlobalSection(NestedProjects) = preSolution
		{631AF051-D045-4D90-9D21-6134ED5325DB} = {0AB3BF05-4346-4AA6-1389-037BE0695223}
		{05AA7C0B-7C39-638A-7D26-CC806E5F263D} = {0AB3BF05-4346-4AA6-1389-037BE0695223}
		{6399FD65-1892-4630-95C0-BCBE30F51E3A} = {0AB3BF05-4346-4AA6-1389-037BE0695223}
	EndGlobalSection
	GlobalSection(ExtensibilityGlobals) = postSolution
		SolutionGuid = {6B6B13B0-FCB3-4252-BCB6-DABAC23CDAEE}
	EndGlobalSection
EndGlobal
