{
  "version": 2,
  "dependencies": {
    "net10.0": {
      "Azure.Identity": {
        "type": "Direct",
        "requested": "[1.21.0, )",
        "resolved": "1.21.0",
        "contentHash": "GeFv8sGwRKvDKwI2WFy8r0mhmlxEVZg24Sit2NogTjiSO8RVjllWM65OT6e1sKjOvG8V74y7hAbaELUUPjZQSw==",
        "dependencies": {
          "Azure.Core": "1.53.0"
        }
      },
      "Microsoft.AspNetCore.Authorization": {
        "type": "Direct",
        "requested": "[10.0.7, )",
        "resolved": "10.0.7",
        "contentHash": "1PoyntOWDXS0lzzs0NJyEq++d51B3JIEeZFBvMj6f0PHO5tNwXK5Sb5BhgHSuNFrYeiWD+KFUZSBu8KtslmBSg==",
        "dependencies": {
          "Microsoft.AspNetCore.Metadata": "10.0.7",
          "Microsoft.Extensions.Diagnostics": "10.0.7",
          "Microsoft.Extensions.Logging.Abstractions": "10.0.7",
          "Microsoft.Extensions.Options": "10.0.7"
        }
      },
      "Microsoft.Extensions.Configuration": {
        "type": "Direct",
        "requested": "[10.0.7, )",
        "resolved": "10.0.7",
        "contentHash": "wZbGh7J8R1vXN525O6d8dlcDTxhRTnd5MyW4LdfP5S0tSnTwTCseYSrq6g0Mxh7W9xn8P/2xPuf0D/m6k2dy2w==",
        "dependencies": {
          "Microsoft.Extensions.Configuration.Abstractions": "10.0.7",
          "Microsoft.Extensions.Primitives": "10.0.7"
        }
      },
      "Microsoft.Extensions.Configuration.Abstractions": {
        "type": "Direct",
        "requested": "[10.0.7, )",
        "resolved": "10.0.7",
        "contentHash": "t56nEgvECcyLPojZIUFWJknQQDAbgfTf9J+QMYJE1YYvVgz69vN6B/AKL8Grvj3Lcnp8kTpNqwmwFhb3YLJmtQ==",
        "dependencies": {
          "Microsoft.Extensions.Primitives": "10.0.7"
        }
      },
      "Microsoft.Extensions.Configuration.Binder": {
        "type": "Direct",
        "requested": "[10.0.7, )",
        "resolved": "10.0.7",
        "contentHash": "8bS1qIaRivny+WX+49pmeJ6iAylbtX8C0DLEcCQWZjdxQvLqaMssXiGD9P/6pYElrHbK5/nAHmjbQ8STqdMYeg==",
        "dependencies": {
          "Microsoft.Extensions.Configuration": "10.0.7",
          "Microsoft.Extensions.Configuration.Abstractions": "10.0.7"
        }
      },
      "Microsoft.Extensions.Configuration.EnvironmentVariables": {
        "type": "Direct",
        "requested": "[10.0.7, )",
        "resolved": "10.0.7",
        "contentHash": "TWto3imA+mJMLZI+5sbgLiFFoOFNFkizQYNaC5jTuiHKn3diwm1RN7mWDOEZN9kG2bixw7IvgpvtUG5/teSRzA==",
        "dependencies": {
          "Microsoft.Extensions.Configuration": "10.0.7",
          "Microsoft.Extensions.Configuration.Abstractions": "10.0.7"
        }
      },
      "Microsoft.Extensions.Configuration.Json": {
        "type": "Direct",
        "requested": "[10.0.7, )",
        "resolved": "10.0.7",
        "contentHash": "64dimvyyKk0dbUbrLg/YCv4ugJ4sVz2aXLwfvZwR1EC4tJqW9ru/oVRcXwoJRa2lQGXtYtlpk4maWOeIb48tQw==",
        "dependencies": {
          "Microsoft.Extensions.Configuration": "10.0.7",
          "Microsoft.Extensions.Configuration.Abstractions": "10.0.7",
          "Microsoft.Extensions.Configuration.FileExtensions": "10.0.7",
          "Microsoft.Extensions.FileProviders.Abstractions": "10.0.7"
        }
      },
      "Microsoft.Extensions.Configuration.UserSecrets": {
        "type": "Direct",
        "requested": "[10.0.7, )",
        "resolved": "10.0.7",
        "contentHash": "YqVIICoIdl0016wkeO2WQS+uEbEXbUhMLKdC5rZNl1X3nu59F+nwaAHdHjq/4OK+Cx31DYmNUSFh+MUot8qSDw==",
        "dependencies": {
          "Microsoft.Extensions.Configuration.Abstractions": "10.0.7",
          "Microsoft.Extensions.Configuration.Json": "10.0.7",
          "Microsoft.Extensions.FileProviders.Abstractions": "10.0.7",
          "Microsoft.Extensions.FileProviders.Physical": "10.0.7"
        }
      },
      "Microsoft.Extensions.Logging.Abstractions": {
        "type": "Direct",
        "requested": "[10.0.7, )",
        "resolved": "10.0.7",
        "contentHash": "tIEcQ2gvERrH2KiCjdsVcHGhXt9lIsuDStfOIeZWr7/fP8IXhGiYfx0/80PNI7WPO2IYuFtlZLSlnTS8+/Mchw==",
        "dependencies": {
          "Microsoft.Extensions.DependencyInjection.Abstractions": "10.0.7"
        }
      },
      "Microsoft.Graph.Beta": {
        "type": "Direct",
        "requested": "[5.78.0-preview, )",
        "resolved": "5.78.0-preview",
        "contentHash": "HD7wd1Tfmdtj8x0t2RohAjD9gNQxRP52id8hrY/L0EiXUj0/qG9OOKSccIfI3ATgrRZAYqKhedhbyNxO88txow==",
        "dependencies": {
          "Microsoft.Graph.Core": "3.1.12"
        }
      },
      "StyleCop.Analyzers": {
        "type": "Direct",
        "requested": "[1.1.118, )",
        "resolved": "1.1.118",
        "contentHash": "Onx6ovGSqXSK07n/0eM3ZusiNdB6cIlJdabQhWGgJp3Vooy9AaLS/tigeybOJAobqbtggTamoWndz72JscZBvw=="
      },
      "System.Configuration.ConfigurationManager": {
        "type": "Direct",
        "requested": "[10.0.7, )",
        "resolved": "10.0.7",
        "contentHash": "NUV7+8ZpwAdtylEypliCwxTyMtt5oARCdEN9hOflL2dq5sGXHKAtBoVs1rb8qEj85ThC/5vJKDQmdiqKxZRgag==",
        "dependencies": {
          "System.Diagnostics.EventLog": "10.0.7",
          "System.Security.Cryptography.ProtectedData": "10.0.7"
        }
      },
      "Azure.Core": {
        "type": "Transitive",
        "resolved": "1.53.0",
        "contentHash": "x9c/toFMOtRrlTdFuE7rlGCVAduQzWVfKmLz5juj41zJAXEhYD5hluiUyyAEzJ6OxpBnKtiaBztzwpZITAVjtg==",
        "dependencies": {
          "Microsoft.Bcl.AsyncInterfaces": "10.0.3",
          "Microsoft.Extensions.Configuration.Abstractions": "10.0.3",
          "Microsoft.Extensions.Hosting.Abstractions": "10.0.3",
          "Microsoft.Identity.Client": "4.83.1",
          "Microsoft.Identity.Client.Extensions.Msal": "4.83.1",
          "System.ClientModel": "1.10.0",
          "System.Memory.Data": "10.0.3"
        }
      },
      "Microsoft.AspNetCore.Metadata": {
        "type": "Transitive",
        "resolved": "10.0.7",
        "contentHash": "2R5OttDx1xwxcjp4Mhm/egEFtQBJq7haSX5L32QF7Q0wTN/PBdqEpuJoBnlvVVuph9gYz5jtWh2wpzz1tIFltg=="
      },
      "Microsoft.Bcl.AsyncInterfaces": {
        "type": "Transitive",
        "resolved": "10.0.3",
        "contentHash": "TV62UsrJZPX6gbt3c4WrtXh7bmaDIcMqf9uft1cc4L6gJXOU07hDGEh+bFQh/L2Az0R1WVOkiT66lFqS6G2NmA=="
      },
      "Microsoft.Extensions.Configuration.FileExtensions": {
        "type": "Transitive",
        "resolved": "10.0.7",
        "contentHash": "qbZLvLsoTdArSloEnSxs21P781YUmwVmHc5NJPQD/ezAreQ7884z+6QfAZVKi86WAZtzx83jK2uC4itxOM44gQ==",
        "dependencies": {
          "Microsoft.Extensions.Configuration": "10.0.7",
          "Microsoft.Extensions.Configuration.Abstractions": "10.0.7",
          "Microsoft.Extensions.FileProviders.Abstractions": "10.0.7",
          "Microsoft.Extensions.FileProviders.Physical": "10.0.7",
          "Microsoft.Extensions.Primitives": "10.0.7"
        }
      },
      "Microsoft.Extensions.DependencyInjection.Abstractions": {
        "type": "Transitive",
        "resolved": "10.0.7",
        "contentHash": "Z6mfFEaFcwCfSboxJwOLfu7/31npCY9q70WUamHW/vRQhDvBKOT4Vf9YkZj5J6hLvJpb0oDEYfHunQZj0xxvKw=="
      },
      "Microsoft.Extensions.Diagnostics": {
        "type": "Transitive",
        "resolved": "10.0.7",
        "contentHash": "l+smp1qPlU0OUXD0OGfdp7OUFrbdq7ZaP5T7m2WpfZ4RFKD7iG73BAT7tjSMxNmbSXkhAn1jYHOAqzYG1r9sNg==",
        "dependencies": {
          "Microsoft.Extensions.Configuration": "10.0.7",
          "Microsoft.Extensions.Diagnostics.Abstractions": "10.0.7",
          "Microsoft.Extensions.Options.ConfigurationExtensions": "10.0.7"
        }
      },
      "Microsoft.Extensions.Diagnostics.Abstractions": {
        "type": "Transitive",
        "resolved": "10.0.7",
        "contentHash": "uJ9JP677y+uy+C0vtaSfi7XXgFAdz8DhU3M9lwwIXDfQKcyQ0yxM9DVYa0NXDtdVTYA2eBUtVFZ8LY0GCdeE/w==",
        "dependencies": {
          "Microsoft.Extensions.DependencyInjection.Abstractions": "10.0.7",
          "Microsoft.Extensions.Options": "10.0.7"
        }
      },
      "Microsoft.Extensions.FileProviders.Physical": {
        "type": "Transitive",
        "resolved": "10.0.7",
        "contentHash": "zhgWg/i0ECj5v0jLFBSZHplvc5ygCI91DR4nne+BP4XAKF5ycz0pEKnFiTw8C1jCABJEZsnBZh6pXAvn71kFmw==",
        "dependencies": {
          "Microsoft.Extensions.FileProviders.Abstractions": "10.0.7",
          "Microsoft.Extensions.FileSystemGlobbing": "10.0.7",
          "Microsoft.Extensions.Primitives": "10.0.7"
        }
      },
      "Microsoft.Extensions.FileSystemGlobbing": {
        "type": "Transitive",
        "resolved": "10.0.7",
        "contentHash": "NTUspqB+vH9g4wAD6KPOBx01xqYuKXR/cHXm449zpbq1GqfjdAxBmg7eJXrNsPw7SKwIdT2cJ05GxYVvc+lvsA=="
      },
      "Microsoft.Extensions.Hosting.Abstractions": {
        "type": "Transitive",
        "resolved": "10.0.3",
        "contentHash": "GdMpC10Jf6poxSvUJ4lgYpJ5F/kJeaAoJmrPufjBoPYyCTKKY5Dyl0rZA+LBNvFqTq1cZa/lhlptlUhNvU6xrg==",
        "dependencies": {
          "Microsoft.Extensions.Configuration.Abstractions": "10.0.3",
          "Microsoft.Extensions.DependencyInjection.Abstractions": "10.0.3",
          "Microsoft.Extensions.Diagnostics.Abstractions": "10.0.3",
          "Microsoft.Extensions.FileProviders.Abstractions": "10.0.3",
          "Microsoft.Extensions.Logging.Abstractions": "10.0.3"
        }
      },
      "Microsoft.Extensions.Options": {
        "type": "Transitive",
        "resolved": "10.0.7",
        "contentHash": "00SHUGTh2jSMvIr6x9Xwd2nE+B5/qFCO/9hDwUDhJsjYRDlADmaBZ7tqehXzBDsfjHSXJzuRHJzPYPPjphBQ7Q==",
        "dependencies": {
          "Microsoft.Extensions.DependencyInjection.Abstractions": "10.0.7",
          "Microsoft.Extensions.Primitives": "10.0.7"
        }
      },
      "Microsoft.Extensions.Options.ConfigurationExtensions": {
        "type": "Transitive",
        "resolved": "10.0.7",
        "contentHash": "IT7f+EMXZtkjatEcF+o6aOw/7OE4etRrMiDGEWH/iiTu2R3uhC4NEQJCfHiibtX45U3sIQ5Fh6tbb1qaOz3YAg==",
        "dependencies": {
          "Microsoft.Extensions.Configuration.Abstractions": "10.0.7",
          "Microsoft.Extensions.Configuration.Binder": "10.0.7",
          "Microsoft.Extensions.DependencyInjection.Abstractions": "10.0.7",
          "Microsoft.Extensions.Options": "10.0.7",
          "Microsoft.Extensions.Primitives": "10.0.7"
        }
      },
      "Microsoft.Extensions.Primitives": {
        "type": "Transitive",
        "resolved": "10.0.7",
        "contentHash": "D5M0Jr551iTgwkZMN9rm0pSkgNLj5quUWQUmQPMZh7k/bnvZTnXRGfE2KuvXf1EEjt/ofD9yw9IumpgdP9QCnw=="
      },
      "Microsoft.Graph.Core": {
        "type": "Transitive",
        "resolved": "3.1.12",
        "contentHash": "J5o9fwDefrJHwfbp7aI3fs83EC0vFfwJnLaVl8sbylBREXorgK3MvLmA/a6QqUoE7P1Veq7xhHpi5zCBbKc2Bw==",
        "dependencies": {
          "Microsoft.IdentityModel.Protocols.OpenIdConnect": "7.6.0",
          "Microsoft.Kiota.Abstractions": "[1.9.1, 2.0.0)",
          "Microsoft.Kiota.Authentication.Azure": "[1.1.7, 2.0.0)",
          "Microsoft.Kiota.Http.HttpClientLibrary": "[1.4.3, 2.0.0)",
          "Microsoft.Kiota.Serialization.Form": "[1.2.4, 2.0.0)",
          "Microsoft.Kiota.Serialization.Json": "[1.3.3, 2.0.0)",
          "Microsoft.Kiota.Serialization.Multipart": "[1.1.5, 2.0.0)",
          "Microsoft.Kiota.Serialization.Text": "[1.2.2, 2.0.0)"
        }
      },
      "Microsoft.Identity.Client": {
        "type": "Transitive",
        "resolved": "4.83.1",
        "contentHash": "jOLIrZ3cynoqHLLO1cXplFFabrhrMEYs/EuKHvmCyrOm1axqiVFT6nCSnHxk7w5+d2BeQfCdM12Yf/0X7OeS1g==",
        "dependencies": {
          "Microsoft.IdentityModel.Abstractions": "8.14.0"
        }
      },
      "Microsoft.Identity.Client.Extensions.Msal": {
        "type": "Transitive",
        "resolved": "4.83.1",
        "contentHash": "I3k4J4Hj4KbLEFanjeUzzDOVecukETaTgEkJ7h2pP/Yazs6SLp6TVUTo/Eo+ptPXMwvc+iX7rBFtMSUrA7R+Mg==",
        "dependencies": {
          "Microsoft.Identity.Client": "4.83.1",
          "System.Security.Cryptography.ProtectedData": "4.5.0"
        }
      },
      "Microsoft.IdentityModel.Abstractions": {
        "type": "Transitive",
        "resolved": "8.14.0",
        "contentHash": "iwbCpSjD3ehfTwBhtSNEtKPK0ICun6ov7Ibx6ISNA9bfwIyzI2Siwyi9eJFCJBwxowK9xcA1mj+jBWiigeqgcQ=="
      },
      "Microsoft.IdentityModel.JsonWebTokens": {
        "type": "Transitive",
        "resolved": "7.6.0",
        "contentHash": "lsleZbCuh3wZ3RfKd8WJ7E52nIeQQzJsDrgHN+B3Zhzd32UTQ1V3Vjn1N9PssnSulAoEMF0aAiue7ucX+TPoQA==",
        "dependencies": {
          "Microsoft.IdentityModel.Tokens": "7.6.0"
        }
      },
      "Microsoft.IdentityModel.Logging": {
        "type": "Transitive",
        "resolved": "7.6.0",
        "contentHash": "7AVJhNY4y/i96XGfaXovX8aAyYWz6HHtPEPHPpbg5JCchwVaoO08VmmpHe0L2gVagW/iHG0w4a4Xg9gxLXQ/8A==",
        "dependencies": {
          "Microsoft.IdentityModel.Abstractions": "7.6.0"
        }
      },
      "Microsoft.IdentityModel.Protocols": {
        "type": "Transitive",
        "resolved": "7.6.0",
        "contentHash": "nZn51f3FbaEAabnxrE5/AQ5j3DEsZ/XElaocR2iYb6XdA44bN7wSfhznocP3jT/gXVeed4zsQ3db743ui6bLAw==",
        "dependencies": {
          "Microsoft.IdentityModel.Tokens": "7.6.0"
        }
      },
      "Microsoft.IdentityModel.Protocols.OpenIdConnect": {
        "type": "Transitive",
        "resolved": "7.6.0",
        "contentHash": "zW145CfVSvFJJH6+SB0qlU7VRS4OEHO9s+BioHHYodUhlfATcs7j4lHxUUK2kUKJNcNDg+ivSbQH09zxL4PWAw==",
        "dependencies": {
          "Microsoft.IdentityModel.Protocols": "7.6.0",
          "System.IdentityModel.Tokens.Jwt": "7.6.0"
        }
      },
      "Microsoft.IdentityModel.Tokens": {
        "type": "Transitive",
        "resolved": "7.6.0",
        "contentHash": "xvEil42RUe4Si/TuLDvglNXpklgCWMSecPduczXPS2BAypjheUehPqKLwIy8vSdzB4K2zza3yLgmODBt+J6ZxQ==",
        "dependencies": {
          "Microsoft.IdentityModel.Logging": "7.6.0"
        }
      },
      "Microsoft.Kiota.Abstractions": {
        "type": "Transitive",
        "resolved": "1.9.1",
        "contentHash": "t1E8cTXaOfZJwAy/+GMt/DHmzA+IAsxmW6+z3dMS/ALtaYfmRS2BGjyYODlw5nuK5S7JJmNptZyo5NoFK3CXFQ==",
        "dependencies": {
          "Std.UriTemplate": "0.0.57"
        }
      },
      "Microsoft.Kiota.Authentication.Azure": {
        "type": "Transitive",
        "resolved": "1.1.7",
        "contentHash": "ew/DjKoWPeXI5Dqv+1xsAyee5VY+KSOLo1giLkiO8y66Nv/ld/xnJ34LbJlxB0F0kScwdjzSdqeswy2ms0lSxg==",
        "dependencies": {
          "Azure.Core": "1.39.0",
          "Microsoft.Kiota.Abstractions": "[1.9.1, 2.0.0)"
        }
      },
      "Microsoft.Kiota.Http.HttpClientLibrary": {
        "type": "Transitive",
        "resolved": "1.4.3",
        "contentHash": "axLzUosoRzLoC67RDuzzjSyGaY9Daw7TrCKOmXRosbWSa/Vy7bm1m5OI+pmPcL95EyCq1S9Y2Pmdl/qJQL1SRA==",
        "dependencies": {
          "Microsoft.Kiota.Abstractions": "[1.9.1, 2.0.0)"
        }
      },
      "Microsoft.Kiota.Serialization.Form": {
        "type": "Transitive",
        "resolved": "1.2.4",
        "contentHash": "nYgy/DLpLERVMW7ganslcj0MkLG5o1qwDX5X0fFHimKx8Kf+Xrau56j0nGvSx7ZkRQv5U61NL+LN7ZLytFwaQw==",
        "dependencies": {
          "Microsoft.Kiota.Abstractions": "[1.9.1, 2.0.0)"
        }
      },
      "Microsoft.Kiota.Serialization.Json": {
        "type": "Transitive",
        "resolved": "1.3.3",
        "contentHash": "yO0QxjNdQH77Lk6jNxPWdSj48g03lZ1QCeXy83kKpEEh+ECuZDRecTiFBdtiHMDKJK+h+nYZ8tkNcKstSOnvpA==",
        "dependencies": {
          "Microsoft.Kiota.Abstractions": "[1.9.1, 2.0.0)"
        }
      },
      "Microsoft.Kiota.Serialization.Multipart": {
        "type": "Transitive",
        "resolved": "1.1.5",
        "contentHash": "oe2f6v3z/NemTlGvge6fJIftsx9bHQoAP2XGnp1z7MkDgMO8KRqJh5a1wSIyZZE5QMZedLlevT6zfsPiqNWEtg==",
        "dependencies": {
          "Microsoft.Kiota.Abstractions": "[1.9.1, 2.0.0)"
        }
      },
      "Microsoft.Kiota.Serialization.Text": {
        "type": "Transitive",
        "resolved": "1.2.2",
        "contentHash": "XJG0IpnfxaV2QxEslvDtPa1oPfeJ7H/s9O1EDA7Ox1CTvfUQwLQA60Sj0YsF3V6TzNAvXrjgriOlWc5zIMiebA==",
        "dependencies": {
          "Microsoft.Kiota.Abstractions": "[1.9.1, 2.0.0)"
        }
      },
      "Std.UriTemplate": {
        "type": "Transitive",
        "resolved": "0.0.57",
        "contentHash": "9pKu3V7jhHmZkZNktbBqnCPbZgFpmAjyXyuKRHhnLsXoYTVs0LOcPW9D13nOpwP0DFjvi7hdLC5uMtYX+/yj/Q=="
      },
      "System.ClientModel": {
        "type": "Transitive",
        "resolved": "1.10.0",
        "contentHash": "lBEWs54F5Y5pZ9hC+8z4S/X76957ex+DPk7WecRHlbIHtrPfbRMMlOgI3iDn4Jpb3bSxvBnKaaHoD59auFjlBA==",
        "dependencies": {
          "Microsoft.Extensions.Configuration.Abstractions": "10.0.3",
          "Microsoft.Extensions.Hosting.Abstractions": "10.0.3",
          "Microsoft.Extensions.Logging.Abstractions": "10.0.3",
          "System.Memory.Data": "10.0.3"
        }
      },
      "System.Diagnostics.EventLog": {
        "type": "Transitive",
        "resolved": "10.0.7",
        "contentHash": "WbmDLeTPYhEzXhvYVioTVn/D1XX6bovyny9n5p8Zxtf03+eY385RB818teZm6n+fA63iZNvng0/Np4tLuhkMhQ=="
      },
      "System.IdentityModel.Tokens.Jwt": {
        "type": "Transitive",
        "resolved": "7.6.0",
        "contentHash": "LIuEbv/kFpuw00yI/mPu+T9NAVdH/u7Y5ChCGzYQQeCg9Pft2C7HFWuO/P+Z7c2RcySNjVk1FmuAheKjYIbOkw==",
        "dependencies": {
          "Microsoft.IdentityModel.JsonWebTokens": "7.6.0",
          "Microsoft.IdentityModel.Tokens": "7.6.0"
        }
      },
      "System.Memory.Data": {
        "type": "Transitive",
        "resolved": "10.0.3",
        "contentHash": "MaGhRfGunmrj/nHjtsi9XkhlYJ/ERGWrbA+BiSKNtGnAjc9XlG5EhAvak6VRcX5LYzPF6pBO8nJ613dTgzabig=="
      },
      "System.Security.Cryptography.ProtectedData": {
        "type": "Transitive",
        "resolved": "10.0.7",
        "contentHash": "eqKW9wyPUhZi6pxy9Y0fQO/bdHROcwj0tYdmoGEPCPCtCJLFdVVAlzuuYYEnJI64HxhoXPYGhtx891g/jwN4rg=="
      },
      "Microsoft.Extensions.FileProviders.Abstractions": {
        "type": "CentralTransitive",
        "requested": "[10.0.7, )",
        "resolved": "10.0.7",
        "contentHash": "teioDgVpi8L186wUfrXQV1YuBt6lCSPmFZiMZo53+FZxHFjOV+f4GXo4LXgJ273Mku9//AdXWVjk9J7eJP6inw==",
        "dependencies": {
          "Microsoft.Extensions.Primitives": "10.0.7"
        }
      }
    }
  }
}