{
  "version": 2,
  "dependencies": {
    "net10.0": {
      "Azure.ResourceManager": {
        "type": "Direct",
        "requested": "[1.13.2, 2.0.0)",
        "resolved": "1.13.2",
        "contentHash": "+jFLIfQgrVjxMpFClUBS8/zPLiRMJ49UgdkrFH/wU74DCABmZs71n1K9sq6MuAz6hR0wJJsDP4Pxaz0iVwyzVg==",
        "dependencies": {
          "Azure.Core": "1.47.1"
        }
      },
      "Azure.ResourceManager.Cdn": {
        "type": "Direct",
        "requested": "[1.5.1, )",
        "resolved": "1.5.1",
        "contentHash": "Z7y9vBqjewq6NEdPdkvpwAE/z4qPu4UODTDt5ZDYCIfqtbraVlFHipqPmSstw5jvi2Qsofs1rFj+JjTMZsesFg==",
        "dependencies": {
          "Azure.Core": "1.50.0",
          "Azure.ResourceManager": "1.13.2"
        }
      },
      "BCrypt.Net-Next": {
        "type": "Direct",
        "requested": "[4.0.3, )",
        "resolved": "4.0.3",
        "contentHash": "W+U9WvmZQgi5cX6FS5GDtDoPzUCV4LkBLkywq/kRZhuDwcbavOzcDAr3LXJFqHUi952Yj3LEYoWW0jbEUQChsA=="
      },
      "CsvHelper": {
        "type": "Direct",
        "requested": "[33.1.0, 34.0.0)",
        "resolved": "33.1.0",
        "contentHash": "kqfTOZGrn7NarNeXgjh86JcpTHUoeQDMB8t9NVa/ZtlSYiV1rxfRnQ49WaJsob4AiGrbK0XDzpyKkBwai4F8eg=="
      },
      "Microsoft.AspNetCore.Authentication.Google": {
        "type": "Direct",
        "requested": "[10.0.5, )",
        "resolved": "10.0.5",
        "contentHash": "y0Y04EYL1VwhuIQvnpjD5XoECl8EEPeXtBiveDXpsh9q3TnWDAfDuLJDp+LrCmOx9jbp23b6SAEBMmVO7zRtNQ=="
      },
      "Microsoft.AspNetCore.Authentication.MicrosoftAccount": {
        "type": "Direct",
        "requested": "[10.0.5, )",
        "resolved": "10.0.5",
        "contentHash": "tAjyUs6VnAttD5TQIaLin7Q+SZxPM5eDrDIl71c/AJa1Ja4O0rOybVKtFrVXFrs+LjHDhv0/lnOVLPLhHX62DA=="
      },
      "Microsoft.AspNetCore.Mvc.NewtonsoftJson": {
        "type": "Direct",
        "requested": "[10.0.5, )",
        "resolved": "10.0.5",
        "contentHash": "WFwm63h4YhVOfEvTeieUGRKUz8nYKSd6mXC1vfqqr7ZW+b8mQBkaxMeAOvA2YFjjgRCKgVC72jhmxjLEDFwC4A==",
        "dependencies": {
          "Microsoft.AspNetCore.JsonPatch": "10.0.5",
          "Newtonsoft.Json": "13.0.3",
          "Newtonsoft.Json.Bson": "1.0.2"
        }
      },
      "Microsoft.EntityFrameworkCore.Tools": {
        "type": "Direct",
        "requested": "[10.0.5, )",
        "resolved": "10.0.5",
        "contentHash": "maSlvKez/gwy88zoLXCafRh0gEFmakM7fnf6zEi6nyItp7A1Negmp/YBodiuWcxLUguvVkPJZX15MnLeuJwjQA==",
        "dependencies": {
          "Microsoft.EntityFrameworkCore.Design": "10.0.5"
        }
      },
      "MimeTypeMapOfficial": {
        "type": "Direct",
        "requested": "[1.0.17, 2.0.0)",
        "resolved": "1.0.17",
        "contentHash": "f6DSQSYTckCjq1ifRj0fSLiEmDv+22uo4+JjTeb3MNZK3Ban1XLjA+bTQtD+/7x2NBEAGzBLYIRpS1IU2OgIAw=="
      },
      "PasswordGenerator": {
        "type": "Direct",
        "requested": "[2.1.0, 3.0.0)",
        "resolved": "2.1.0",
        "contentHash": "G70cCeAOYCk/uTuFw5PBGpYY9kmBZyzld7tphachvyU514PowMRDYyKwTefxIHNGWrhXY2d1DV5B1tDEnTtY3A=="
      },
      "RestSharp": {
        "type": "Direct",
        "requested": "[112.1.0, 113.0.0)",
        "resolved": "112.1.0",
        "contentHash": "bOUGNZqhhv/QeCXHTKEUil846yBjwWXpzPKjO67kFvaAOoF361z7jLY5BMnuZ6WD2WQRA750sNMcK7MSPCQ5Mg=="
      },
      "Roslynator.Analyzers": {
        "type": "Direct",
        "requested": "[4.15.0, )",
        "resolved": "4.15.0",
        "contentHash": "E8fu71Y+vzhniJKy1K13Rzwm8Vjcj7CDFBpflqncKUZfc3SzuF0kMBiyMmgXNPkjWTdE3Z+30HlGgYjHONZY/Q=="
      },
      "SixLabors.ImageSharp": {
        "type": "Direct",
        "requested": "[3.1.12, 4.0.0)",
        "resolved": "3.1.12",
        "contentHash": "iAg6zifihXEFS/t7fiHhZBGAdCp3FavsF4i2ZIDp0JfeYeDVzvmlbY1CNhhIKimaIzrzSi5M/NBFcWvZT2rB/A=="
      },
      "StyleCop.Analyzers": {
        "type": "Direct",
        "requested": "[1.1.118, )",
        "resolved": "1.1.118",
        "contentHash": "Onx6ovGSqXSK07n/0eM3ZusiNdB6cIlJdabQhWGgJp3Vooy9AaLS/tigeybOJAobqbtggTamoWndz72JscZBvw=="
      },
      "System.Data.SqlClient": {
        "type": "Direct",
        "requested": "[4.9.0, )",
        "resolved": "4.9.0",
        "contentHash": "j4KJO+vC62NyUtNHz854njEqXbT8OmAa5jb1nrGfYWBOcggyYUQE0w/snXeaCjdvkSKWuUD+hfvlbN8pTrJTXg==",
        "dependencies": {
          "runtime.native.System.Data.SqlClient.sni": "4.4.0"
        }
      },
      "System.Drawing.Common": {
        "type": "Direct",
        "requested": "[10.0.5, )",
        "resolved": "10.0.5",
        "contentHash": "FYgPPbii/9Prh7RuY1gaxSyik7Ysw594K0uCHggDxHDgl7mfk8c4UlwluKjQoMquVGLce7Jld4DjjsnuYK3m7g==",
        "dependencies": {
          "Microsoft.Win32.SystemEvents": "10.0.5"
        }
      },
      "AWSSDK.Core": {
        "type": "Transitive",
        "resolved": "4.0.3.12",
        "contentHash": "/FyE96xV2qJLgJN++ZW8M7udRf2NBLoku9AkEHLQqpH9uv0r0QQK2sw2pF3OvzKnuKsyp+Mx5wYwgFXPLnBb9g=="
      },
      "Azure.Core": {
        "type": "Transitive",
        "resolved": "1.50.0",
        "contentHash": "GBNKZEhdIbTXxedvD3R7I/yDVFX9jJJEz02kCziFSJxspSQ5RMHc3GktulJ1s7+ffXaXD7kMgrtdQTaggyInLw==",
        "dependencies": {
          "Microsoft.Bcl.AsyncInterfaces": "8.0.0",
          "System.ClientModel": "1.8.0",
          "System.Memory.Data": "8.0.1"
        }
      },
      "Azure.Storage.Common": {
        "type": "Transitive",
        "resolved": "12.26.0",
        "contentHash": "XaT6CDcSshZb7KaCTwc6m4EouZbLBg7ciOEpsJSdJCvkNsZJQCvPKw7V5TtXno19AA1NpwtsZriYque8mzbQVg==",
        "dependencies": {
          "Azure.Core": "1.50.0",
          "System.IO.Hashing": "10.0.1"
        }
      },
      "Duende.IdentityModel": {
        "type": "Transitive",
        "resolved": "8.0.1",
        "contentHash": "P3bNPAiyYh15VuDZP/xE7Y8ohhQloiW2KdiBzzJh3m26sPQJ3Wuxj4ur6X+A9m0qhdwx2kLeh4so0a2nEslHmw=="
      },
      "Duende.IdentityServer.Storage": {
        "type": "Transitive",
        "resolved": "7.4.7",
        "contentHash": "pP+OKt4f8u532m+nORqwe1y3PFcQAw731EnKLnMt4eBtL1YZTuivs2Oox77Eukl8pnU1JK6zibjH9TJkoeS+bQ==",
        "dependencies": {
          "Duende.IdentityModel": "8.0.1"
        }
      },
      "Humanizer.Core": {
        "type": "Transitive",
        "resolved": "2.14.1",
        "contentHash": "lQKvtaTDOXnoVJ20ibTuSIOf2i0uO0MPbDhd1jm238I+U/2ZnRENj0cktKZhtchBMtCUSRQ5v4xBCUbKNmyVMw=="
      },
      "Microsoft.AspNetCore.JsonPatch": {
        "type": "Transitive",
        "resolved": "10.0.5",
        "contentHash": "ODGomRlmt8/mFAqVyD9MgE4fXNkO6qDNeKuvmqNDuKjOL2UOkh/wJK0gEXS5VcViHFs+uQKOXD5xoTg1/ouKtA==",
        "dependencies": {
          "Newtonsoft.Json": "13.0.3"
        }
      },
      "Microsoft.Azure.Cosmos": {
        "type": "Transitive",
        "resolved": "3.51.0",
        "contentHash": "g3dBhncM1rpEJ2ZVnZ/oHYIg0rrH6RlYa8mmuqk9WFR6dfyWoTF+nwT2SoQUy4df6lB7lW61M41xjdVioIqQ5w==",
        "dependencies": {
          "Azure.Core": "1.44.1",
          "Microsoft.Bcl.AsyncInterfaces": "6.0.0",
          "Microsoft.Bcl.HashCode": "1.1.0",
          "System.Configuration.ConfigurationManager": "6.0.0"
        }
      },
      "Microsoft.Bcl.AsyncInterfaces": {
        "type": "Transitive",
        "resolved": "8.0.0",
        "contentHash": "3WA9q9yVqJp222P3x1wYIGDAkpjAku0TMUaaQV22g6L67AI0LdOIrVS7Ht2vJfLHGSPVuqN94vIr15qn+HEkHw=="
      },
      "Microsoft.Bcl.Cryptography": {
        "type": "Transitive",
        "resolved": "9.0.4",
        "contentHash": "YgZYAWzyNuPVtPq6WNm0bqOWNjYaWgl5mBWTGZyNoXitYBUYSp6iUB9AwK0V1mo793qRJUXz2t6UZrWITZSvuQ=="
      },
      "Microsoft.Bcl.HashCode": {
        "type": "Transitive",
        "resolved": "1.1.0",
        "contentHash": "J2G1k+u5unBV+aYcwxo94ip16Rkp65pgWFb0R6zwJipzWNMgvqlWeuI7/+R+e8bob66LnSG+llLJ+z8wI94cHg=="
      },
      "Microsoft.Build.Framework": {
        "type": "Transitive",
        "resolved": "18.0.2",
        "contentHash": "sOSb+0J4G/jCBW/YqmRuL0eOMXgfw1KQLdC9TkbvfA5xs7uNm+PBQXJCOzSJGXtZcZrtXozcwxPmUiRUbmd7FA=="
      },
      "Microsoft.CodeAnalysis.Analyzers": {
        "type": "Transitive",
        "resolved": "3.11.0",
        "contentHash": "v/EW3UE8/lbEYHoC2Qq7AR/DnmvpgdtAMndfQNmpuIMx/Mto8L5JnuCfdBYtgvalQOtfNCnxFejxuRrryvUTsg=="
      },
      "Microsoft.CodeAnalysis.Common": {
        "type": "Transitive",
        "resolved": "5.0.0",
        "contentHash": "ZXRAdvH6GiDeHRyd3q/km8Z44RoM6FBWHd+gen/la81mVnAdHTEsEkO5J0TCNXBymAcx5UYKt5TvgKBhaLJEow==",
        "dependencies": {
          "Microsoft.CodeAnalysis.Analyzers": "3.11.0"
        }
      },
      "Microsoft.CodeAnalysis.CSharp": {
        "type": "Transitive",
        "resolved": "5.0.0",
        "contentHash": "5DSyJ9bk+ATuDy7fp2Zt0mJStDVKbBoiz1DyfAwSa+k4H4IwykAUcV3URelw5b8/iVbfSaOwkwmPUZH6opZKCw==",
        "dependencies": {
          "Microsoft.CodeAnalysis.Analyzers": "3.11.0",
          "Microsoft.CodeAnalysis.Common": "[5.0.0]"
        }
      },
      "Microsoft.CodeAnalysis.CSharp.Workspaces": {
        "type": "Transitive",
        "resolved": "5.0.0",
        "contentHash": "Al/Q8B+yO8odSqGVpSvrShMFDvlQdIBU//F3E6Rb0YdiLSALE9wh/pvozPNnfmh5HDnvU+mkmSjpz4hQO++jaA==",
        "dependencies": {
          "Humanizer.Core": "2.14.1",
          "Microsoft.CodeAnalysis.Analyzers": "3.11.0",
          "Microsoft.CodeAnalysis.CSharp": "[5.0.0]",
          "Microsoft.CodeAnalysis.Common": "[5.0.0]",
          "Microsoft.CodeAnalysis.Workspaces.Common": "[5.0.0]",
          "System.Composition": "9.0.0"
        }
      },
      "Microsoft.CodeAnalysis.Workspaces.Common": {
        "type": "Transitive",
        "resolved": "5.0.0",
        "contentHash": "ZbUmIvT6lqTNKiv06Jl5wf0MTMi1vQ1oH7ou4CLcs2C/no/L7EhP3T8y3XXvn9VbqMcJaJnEsNA1jwYUMgc5jg==",
        "dependencies": {
          "Humanizer.Core": "2.14.1",
          "Microsoft.CodeAnalysis.Analyzers": "3.11.0",
          "Microsoft.CodeAnalysis.Common": "[5.0.0]",
          "System.Composition": "9.0.0"
        }
      },
      "Microsoft.CodeAnalysis.Workspaces.MSBuild": {
        "type": "Transitive",
        "resolved": "5.0.0",
        "contentHash": "/G+LVoAGMz6Ae8nm+PGLxSw+F5RjYx/J7irbTO5uKAPw1bxHyQJLc/YOnpDxt+EpPtYxvC9wvBsg/kETZp1F9Q==",
        "dependencies": {
          "Humanizer.Core": "2.14.1",
          "Microsoft.Build.Framework": "17.11.31",
          "Microsoft.CodeAnalysis.Analyzers": "3.11.0",
          "Microsoft.CodeAnalysis.Workspaces.Common": "[5.0.0]",
          "Microsoft.VisualStudio.SolutionPersistence": "1.0.52",
          "Newtonsoft.Json": "13.0.3",
          "System.Composition": "9.0.0"
        }
      },
      "Microsoft.Data.SqlClient": {
        "type": "Transitive",
        "resolved": "6.1.1",
        "contentHash": "syGQmIUPAYYHAHyTD8FCkTNThpQWvoA7crnIQRMfp8dyB5A2cWU3fQexlRTFkVmV7S0TjVmthi0LJEFVjHo8AQ==",
        "dependencies": {
          "Azure.Core": "1.47.1",
          "Azure.Identity": "1.14.2",
          "Microsoft.Bcl.Cryptography": "9.0.4",
          "Microsoft.Data.SqlClient.SNI.runtime": "6.0.2",
          "Microsoft.IdentityModel.JsonWebTokens": "7.7.1",
          "Microsoft.IdentityModel.Protocols.OpenIdConnect": "7.7.1",
          "Microsoft.SqlServer.Server": "1.0.0",
          "System.Configuration.ConfigurationManager": "9.0.4",
          "System.Security.Cryptography.Pkcs": "9.0.4"
        }
      },
      "Microsoft.Data.SqlClient.SNI.runtime": {
        "type": "Transitive",
        "resolved": "6.0.2",
        "contentHash": "f+pRODTWX7Y67jXO3T5S2dIPZ9qMJNySjlZT/TKmWVNWe19N8jcWmHaqHnnchaq3gxEKv1SWVY5EFzOD06l41w=="
      },
      "Microsoft.EntityFrameworkCore.Abstractions": {
        "type": "Transitive",
        "resolved": "10.0.5",
        "contentHash": "32c58Rnm47Qvhimawf67KO9PytgPz3QoWye7Abapt0Yocw/JnzMiSNj/pRoIKyn8Jxypkv86zxKD4Q/zNTc0Ag=="
      },
      "Microsoft.EntityFrameworkCore.Analyzers": {
        "type": "Transitive",
        "resolved": "10.0.5",
        "contentHash": "ipC4u1VojgEfoIZhtbS2Sx5IluJTP/Jf1hz3yGsxGBgSukYY/CquI6rAjxn5H58CZgVn36qcuPPtNMwZ0AUzMg=="
      },
      "Microsoft.EntityFrameworkCore.Relational": {
        "type": "Transitive",
        "resolved": "10.0.5",
        "contentHash": "uxmFjZEAB/KbsgWFSS4lLqkEHCfXxB2x0UcbiO4e5fCRpFFeTMSx/me6009nYJLu5IKlDwO1POh++P6RilFTDw==",
        "dependencies": {
          "Microsoft.EntityFrameworkCore": "10.0.5"
        }
      },
      "Microsoft.Extensions.DependencyModel": {
        "type": "Transitive",
        "resolved": "10.0.5",
        "contentHash": "xA4kkL+QS6KCAOKz/O0oquHs44Ob8J7zpBCNt3wjkBWDg5aCqfwG8rWWLsg5V86AM0sB849g9JjPjIdksTCIKg=="
      },
      "Microsoft.Extensions.FileProviders.Embedded": {
        "type": "Transitive",
        "resolved": "10.0.5",
        "contentHash": "DQzkbLFNfwmjxErAnWyZTTyBd4cMo6vmGteM4Ayedhk5Pccm2VuKoeKcOZjJG1T+dYK6lMCNk2L7Ftl7dLhgqg=="
      },
      "Microsoft.Identity.Client": {
        "type": "Transitive",
        "resolved": "4.76.0",
        "contentHash": "j2FtmljuCveDJ7umBVYm6Bx3iVGA71U07Dc7byGr2Hrj7XlByZSknruCBUeYN3V75nn1VEhXegxE0MerxvxrXQ==",
        "dependencies": {
          "Microsoft.IdentityModel.Abstractions": "6.35.0"
        }
      },
      "Microsoft.Identity.Client.Extensions.Msal": {
        "type": "Transitive",
        "resolved": "4.76.0",
        "contentHash": "D0n3yMTa3gnDh1usrJmyxGWKYeqbQNCWLgQ0Tswf7S6nk9YobiCOX+M2V8EX5SPqkZxpwkTT6odAhaafu3TIeA==",
        "dependencies": {
          "Microsoft.Identity.Client": "4.76.0",
          "System.Security.Cryptography.ProtectedData": "4.5.0"
        }
      },
      "Microsoft.IdentityModel.Abstractions": {
        "type": "Transitive",
        "resolved": "7.7.1",
        "contentHash": "S7sHg6gLg7oFqNGLwN1qSbJDI+QcRRj8SuJ1jHyCmKSipnF6ZQL+tFV2NzVfGj/xmGT9TykQdQiBN+p5Idl4TA=="
      },
      "Microsoft.IdentityModel.JsonWebTokens": {
        "type": "Transitive",
        "resolved": "7.7.1",
        "contentHash": "3Izi75UCUssvo8LPx3OVnEeZay58qaFicrtSnbtUt7q8qQi0gy46gh4V8VUTkMVMKXV6VMyjBVmeNNgeCUJuIw==",
        "dependencies": {
          "Microsoft.IdentityModel.Tokens": "7.7.1"
        }
      },
      "Microsoft.IdentityModel.Logging": {
        "type": "Transitive",
        "resolved": "7.7.1",
        "contentHash": "BZNgSq/o8gsKExdYoBKPR65fdsxW0cTF8PsdqB8y011AGUJJW300S/ZIsEUD0+sOmGc003Gwv3FYbjrVjvsLNQ==",
        "dependencies": {
          "Microsoft.IdentityModel.Abstractions": "7.7.1"
        }
      },
      "Microsoft.IdentityModel.Protocols": {
        "type": "Transitive",
        "resolved": "7.7.1",
        "contentHash": "h+fHHBGokepmCX+QZXJk4Ij8OApCb2n2ktoDkNX5CXteXsOxTHMNgjPGpAwdJMFvAL7TtGarUnk3o97NmBq2QQ==",
        "dependencies": {
          "Microsoft.IdentityModel.Tokens": "7.7.1"
        }
      },
      "Microsoft.IdentityModel.Protocols.OpenIdConnect": {
        "type": "Transitive",
        "resolved": "7.7.1",
        "contentHash": "yT2Hdj8LpPbcT9C9KlLVxXl09C8zjFaVSaApdOwuecMuoV4s6Sof/mnTDz/+F/lILPIBvrWugR9CC7iRVZgbfQ==",
        "dependencies": {
          "Microsoft.IdentityModel.Protocols": "7.7.1",
          "System.IdentityModel.Tokens.Jwt": "7.7.1"
        }
      },
      "Microsoft.IdentityModel.Tokens": {
        "type": "Transitive",
        "resolved": "7.7.1",
        "contentHash": "fQ0VVCba75lknUHGldi3iTKAYUQqbzp1Un8+d9cm9nON0Gs8NAkXddNg8iaUB0qi/ybtAmNWizTR4avdkCJ9pQ==",
        "dependencies": {
          "Microsoft.IdentityModel.Logging": "7.7.1"
        }
      },
      "Microsoft.SqlServer.Server": {
        "type": "Transitive",
        "resolved": "1.0.0",
        "contentHash": "N4KeF3cpcm1PUHym1RmakkzfkEv3GRMyofVv40uXsQhCQeglr2OHNcUk2WOG51AKpGO8ynGpo9M/kFXSzghwug=="
      },
      "Microsoft.VisualStudio.SolutionPersistence": {
        "type": "Transitive",
        "resolved": "1.0.52",
        "contentHash": "oNv2JtYXhpdJrX63nibx1JT3uCESOBQ1LAk7Dtz/sr0+laW0KRM6eKp4CZ3MHDR2siIkKsY8MmUkeP5DKkQQ5w=="
      },
      "Microsoft.Win32.SystemEvents": {
        "type": "Transitive",
        "resolved": "10.0.5",
        "contentHash": "a7rC0Qb5JGiA4f4ooqQjsx17LgYkb9feOcMNGyBXGqYmqC4ZoLbrV98zn7Kr5Z39BIU10Bti80Jwm/QAw+45VA=="
      },
      "Mono.TextTemplating": {
        "type": "Transitive",
        "resolved": "3.0.0",
        "contentHash": "YqueG52R/Xej4VVbKuRIodjiAhV0HR/XVbLbNrJhCZnzjnSjgMJ/dCdV0akQQxavX6hp/LC6rqLGLcXeQYU7XA==",
        "dependencies": {
          "System.CodeDom": "6.0.0"
        }
      },
      "MySqlConnector": {
        "type": "Transitive",
        "resolved": "2.5.0",
        "contentHash": "hoAwfHHF8DlRRqwHOhN3u1KLi+XbX/4LPS7Anfa+SYC97vRyIfdEOEEfj1L50q01Ik8aDNvmDrNmu/VPFiAiaQ=="
      },
      "Newtonsoft.Json.Bson": {
        "type": "Transitive",
        "resolved": "1.0.2",
        "contentHash": "QYFyxhaABwmq3p/21VrZNYvCg3DaEoN/wUuw5nmfAf0X3HLjgupwhkEWdgfb9nvGAUIv3osmZoD3kKl4jxEmYQ==",
        "dependencies": {
          "Newtonsoft.Json": "12.0.1"
        }
      },
      "runtime.native.System.Data.SqlClient.sni": {
        "type": "Transitive",
        "resolved": "4.4.0",
        "contentHash": "A8v6PGmk+UGbfWo5Ixup0lPM4swuSwOiayJExZwKIOjTlFFQIsu3QnDXECosBEyrWSPryxBVrdqtJyhK3BaupQ==",
        "dependencies": {
          "runtime.win-arm64.runtime.native.System.Data.SqlClient.sni": "4.4.0",
          "runtime.win-x64.runtime.native.System.Data.SqlClient.sni": "4.4.0",
          "runtime.win-x86.runtime.native.System.Data.SqlClient.sni": "4.4.0"
        }
      },
      "runtime.win-arm64.runtime.native.System.Data.SqlClient.sni": {
        "type": "Transitive",
        "resolved": "4.4.0",
        "contentHash": "LbrynESTp3bm5O/+jGL8v0Qg5SJlTV08lpIpFesXjF6uGNMWqFnUQbYBJwZTeua6E/Y7FIM1C54Ey1btLWupdg=="
      },
      "runtime.win-x64.runtime.native.System.Data.SqlClient.sni": {
        "type": "Transitive",
        "resolved": "4.4.0",
        "contentHash": "38ugOfkYJqJoX9g6EYRlZB5U2ZJH51UP8ptxZgdpS07FgOEToV+lS11ouNK2PM12Pr6X/PpT5jK82G3DwH/SxQ=="
      },
      "runtime.win-x86.runtime.native.System.Data.SqlClient.sni": {
        "type": "Transitive",
        "resolved": "4.4.0",
        "contentHash": "YhEdSQUsTx+C8m8Bw7ar5/VesXvCFMItyZF7G1AUY+OM0VPZUOeAVpJ4Wl6fydBGUYZxojTDR3I6Bj/+BPkJNA=="
      },
      "SQLitePCLRaw.core": {
        "type": "Transitive",
        "resolved": "2.1.11",
        "contentHash": "PK0GLFkfhZzLQeR3PJf71FmhtHox+U3vcY6ZtswoMjrefkB9k6ErNJEnwXqc5KgXDSjige2XXrezqS39gkpQKA=="
      },
      "SQLitePCLRaw.lib.e_sqlcipher": {
        "type": "Transitive",
        "resolved": "2.1.11",
        "contentHash": "Cg6UPeDbH8jyaOs1vqXYIgeewH0wYrBnmbC5Ml3GYBo+GKzNmyxrWSO52JV68bfB7Addt/PZLMekJV1RH2ftWQ=="
      },
      "SQLitePCLRaw.provider.e_sqlcipher": {
        "type": "Transitive",
        "resolved": "2.1.11",
        "contentHash": "5L7YXWtPzKYHeXBHmj63QsHbLQmy0SYvhQp3xWA2yzSq1SvlnGFViveLfUDr/GEmePrqzXQ9tOJG9iQnFspfBA==",
        "dependencies": {
          "SQLitePCLRaw.core": "2.1.11"
        }
      },
      "starkbank-ecdsa": {
        "type": "Transitive",
        "resolved": "1.3.3",
        "contentHash": "OblOaKb1enXn+dSp7tsx9yjwV+/BEKM9jFhshIkZTwCk7LuTFTp+wSon6rFzuPiIiTGtvVWQNUw2slHjGktJog=="
      },
      "System.ClientModel": {
        "type": "Transitive",
        "resolved": "1.8.0",
        "contentHash": "AqRzhn0v29GGGLj/Z6gKq4lGNtvPHT4nHdG5PDJh9IfVjv/nYUVmX11hwwws1vDFeIAzrvmn0dPu8IjLtu6fAw==",
        "dependencies": {
          "System.Memory.Data": "8.0.1"
        }
      },
      "System.CodeDom": {
        "type": "Transitive",
        "resolved": "6.0.0",
        "contentHash": "CPc6tWO1LAer3IzfZufDBRL+UZQcj5uS207NHALQzP84Vp/z6wF0Aa0YZImOQY8iStY0A2zI/e3ihKNPfUm8XA=="
      },
      "System.Composition": {
        "type": "Transitive",
        "resolved": "9.0.0",
        "contentHash": "3Djj70fFTraOarSKmRnmRy/zm4YurICm+kiCtI0dYRqGJnLX6nJ+G3WYuFJ173cAPax/gh96REcbNiVqcrypFQ==",
        "dependencies": {
          "System.Composition.AttributedModel": "9.0.0",
          "System.Composition.Convention": "9.0.0",
          "System.Composition.Hosting": "9.0.0",
          "System.Composition.Runtime": "9.0.0",
          "System.Composition.TypedParts": "9.0.0"
        }
      },
      "System.Composition.AttributedModel": {
        "type": "Transitive",
        "resolved": "9.0.0",
        "contentHash": "iri00l/zIX9g4lHMY+Nz0qV1n40+jFYAmgsaiNn16xvt2RDwlqByNG4wgblagnDYxm3YSQQ0jLlC/7Xlk9CzyA=="
      },
      "System.Composition.Convention": {
        "type": "Transitive",
        "resolved": "9.0.0",
        "contentHash": "+vuqVP6xpi582XIjJi6OCsIxuoTZfR0M7WWufk3uGDeCl3wGW6KnpylUJ3iiXdPByPE0vR5TjJgR6hDLez4FQg==",
        "dependencies": {
          "System.Composition.AttributedModel": "9.0.0"
        }
      },
      "System.Composition.Hosting": {
        "type": "Transitive",
        "resolved": "9.0.0",
        "contentHash": "OFqSeFeJYr7kHxDfaViGM1ymk7d4JxK//VSoNF9Ux0gpqkLsauDZpu89kTHHNdCWfSljbFcvAafGyBoY094btQ==",
        "dependencies": {
          "System.Composition.Runtime": "9.0.0"
        }
      },
      "System.Composition.Runtime": {
        "type": "Transitive",
        "resolved": "9.0.0",
        "contentHash": "w1HOlQY1zsOWYussjFGZCEYF2UZXgvoYnS94NIu2CBnAGMbXFAX8PY8c92KwUItPmowal68jnVLBCzdrWLeEKA=="
      },
      "System.Composition.TypedParts": {
        "type": "Transitive",
        "resolved": "9.0.0",
        "contentHash": "aRZlojCCGEHDKqh43jaDgaVpYETsgd7Nx4g1zwLKMtv4iTo0627715ajEFNpEEBTgLmvZuv8K0EVxc3sM4NWJA==",
        "dependencies": {
          "System.Composition.AttributedModel": "9.0.0",
          "System.Composition.Hosting": "9.0.0",
          "System.Composition.Runtime": "9.0.0"
        }
      },
      "System.IdentityModel.Tokens.Jwt": {
        "type": "Transitive",
        "resolved": "7.7.1",
        "contentHash": "rQkO1YbAjLwnDJSMpRhRtrc6XwIcEOcUvoEcge+evurpzSZM3UNK+MZfD3sKyTlYsvknZ6eJjSBfnmXqwOsT9Q==",
        "dependencies": {
          "Microsoft.IdentityModel.JsonWebTokens": "7.7.1",
          "Microsoft.IdentityModel.Tokens": "7.7.1"
        }
      },
      "System.IO.Hashing": {
        "type": "Transitive",
        "resolved": "10.0.1",
        "contentHash": "Dy6ULPb2S0GmNndjKrEIpfibNsc8+FTOoZnqygtFDuyun8vWboQbfMpQtKUXpgTxokR5E4zFHETpNnGfeWY6NA=="
      },
      "System.Memory.Data": {
        "type": "Transitive",
        "resolved": "8.0.1",
        "contentHash": "BVYuec3jV23EMRDeR7Dr1/qhx7369dZzJ9IWy2xylvb4YfXsrUxspWc4UWYid/tj4zZK58uGZqn2WQiaDMhmAg=="
      },
      "System.Security.Cryptography.Pkcs": {
        "type": "Transitive",
        "resolved": "9.0.4",
        "contentHash": "cUFTcMlz/Qw9s90b2wnWSCvHdjv51Bau9FQqhsr4TlwSe1OX+7SoXUqphis5G74MLOvMOCghxPPlEqOdCrVVGA=="
      },
      "System.Security.Cryptography.ProtectedData": {
        "type": "Transitive",
        "resolved": "9.0.4",
        "contentHash": "o94k2RKuAce3GeDMlUvIXlhVa1kWpJw95E6C9LwW0KlG0nj5+SgCiIxJ2Eroqb9sLtG1mEMbFttZIBZ13EJPvQ=="
      },
      "aspnetcore.identity.flexdb": {
        "type": "Project",
        "dependencies": {
          "AspNetCore.Identity.CosmosDb": "[10.0.5.1, )",
          "Duende.IdentityServer.EntityFramework.Storage": "[7.4.7, )",
          "Microsoft.AspNetCore.Identity.EntityFrameworkCore": "[10.0.5, )",
          "Microsoft.EntityFrameworkCore.Cosmos": "[10.0.5, )",
          "Microsoft.EntityFrameworkCore.SqlServer": "[10.0.5, )",
          "Microsoft.EntityFrameworkCore.Sqlite.Core": "[10.0.5, )",
          "Microting.EntityFrameworkCore.MySql": "[10.0.5, )",
          "SQLitePCLRaw.bundle_e_sqlcipher": "[2.1.11, )"
        }
      },
      "cosmos.blobservice": {
        "type": "Project",
        "dependencies": {
          "AWSSDK.S3": "[4.0.18.4, )",
          "Azure.Extensions.AspNetCore.DataProtection.Blobs": "[1.5.1, 2.0.0)",
          "Azure.Storage.Files.Shares": "[12.25.0, )",
          "Cosmos.DynamicConfig": "[10.0.5.1, )"
        }
      },
      "cosmos.common": {
        "type": "Project",
        "dependencies": {
          "AspNetCore.Identity.FlexDb": "[10.0.5.1, )",
          "Azure.Monitor.Query": "[1.7.1, )",
          "Cosmos.BlobService": "[10.0.5.1, )",
          "Cosmos.DynamicConfig": "[10.0.5.1, )",
          "MailChimp.Net.V3": "[5.8.2, 6.0.0)",
          "Microsoft.AspNetCore.DataProtection.EntityFrameworkCore": "[10.0.5, )",
          "Otp.NET": "[1.4.1, )",
          "X.Web.Sitemap": "[2.11.3, 3.0.0)"
        }
      },
      "cosmos.dynamicconfig": {
        "type": "Project",
        "dependencies": {
          "AspNetCore.Identity.FlexDb": "[10.0.5.1, )",
          "IPAddressRange": "[6.3.0, )",
          "Microsoft.EntityFrameworkCore": "[10.0.5, )",
          "Microsoft.EntityFrameworkCore.Cosmos": "[10.0.5, )"
        }
      },
      "cosmos.emailservices": {
        "type": "Project",
        "dependencies": {
          "AspNetCore.Identity.FlexDb": "[10.0.5.1, )",
          "Azure.Communication.Email": "[1.1.0, )",
          "Azure.Identity": "[1.17.0, )",
          "Cosmos.Common": "[10.0.5.1, )",
          "HtmlAgilityPack": "[1.12.4, )",
          "Microsoft.AspNetCore.Identity.UI": "[10.0.5, )",
          "SendGrid": "[9.29.3, )"
        }
      },
      "sky.cms.api.shared": {
        "type": "Project",
        "dependencies": {
          "Cosmos.Common": "[10.0.5.1, )",
          "Cosmos.EmailServices": "[10.0.5.1, )"
        }
      },
      "sky.shared.razor": {
        "type": "Project",
        "dependencies": {
          "Azure.Identity": "[1.17.0, )",
          "Cosmos.Common": "[10.0.5.1, )"
        }
      },
      "AspNetCore.Identity.CosmosDb": {
        "type": "CentralTransitive",
        "requested": "[10.0.5.1, )",
        "resolved": "10.0.5.1",
        "contentHash": "57CJHsKR/1QBo7uHNrx/eRHwHlPCyJmEeCPDiIbxpLUc9OnpbvKElFuVefaS2GYxUzUxWMmeVFZx9jtmJCJN6w==",
        "dependencies": {
          "Duende.IdentityServer.EntityFramework.Storage": "7.3.1",
          "Microsoft.AspNetCore.Identity.EntityFrameworkCore": "10.0.5",
          "Microsoft.AspNetCore.Identity.UI": "10.0.5",
          "Microsoft.EntityFrameworkCore.Cosmos": "10.0.5",
          "Newtonsoft.Json": "13.0.4"
        }
      },
      "AWSSDK.S3": {
        "type": "CentralTransitive",
        "requested": "[4.0.18.4, )",
        "resolved": "4.0.18.4",
        "contentHash": "C0KocKbPlTgZ0zrwwZwAVQuyoNETPzI8xN0nobtQC/ZNLan8spAbh/vxo+AM4umHAP0Csc8s1JfVGVpa36NK0w==",
        "dependencies": {
          "AWSSDK.Core": "[4.0.3.12, 5.0.0)"
        }
      },
      "Azure.Communication.Email": {
        "type": "CentralTransitive",
        "requested": "[1.1.0, )",
        "resolved": "1.1.0",
        "contentHash": "yR0QWbrvM/RvOxrkFWaPqzltAiF/MGoVhjm++UkEpXvN00Brc/LevJXeg2BUVbIucoxx+kKW7HTAzGKspFh8Vg==",
        "dependencies": {
          "Azure.Core": "1.49.0"
        }
      },
      "Azure.Extensions.AspNetCore.DataProtection.Blobs": {
        "type": "CentralTransitive",
        "requested": "[1.5.1, 2.0.0)",
        "resolved": "1.5.1",
        "contentHash": "8Yy2LMuqdEziikD/Xp64/Tx8o71pG22YK3tKdQ7Y297fg2uaLyWAseOyribQLsSuMH2Ma/YGPB6muJ2I/P6PVA==",
        "dependencies": {
          "Azure.Core": "1.46.2",
          "Azure.Storage.Blobs": "12.24.1",
          "Microsoft.Bcl.AsyncInterfaces": "8.0.0"
        }
      },
      "Azure.Identity": {
        "type": "CentralTransitive",
        "requested": "[1.17.0, )",
        "resolved": "1.17.0",
        "contentHash": "QZiMa1O5lTniWTSDPyPVdBKOS0/M5DWXTfQ2xLOot96yp8Q5A69iScGtzCIxfbg/4bmp/TynibZ2VK1v3qsSNA==",
        "dependencies": {
          "Azure.Core": "1.49.0",
          "Microsoft.Identity.Client": "4.76.0",
          "Microsoft.Identity.Client.Extensions.Msal": "4.76.0"
        }
      },
      "Azure.Monitor.Query": {
        "type": "CentralTransitive",
        "requested": "[1.7.1, )",
        "resolved": "1.7.1",
        "contentHash": "HJnal+BIaBiuiba1p2X5lNyx6I+CnqcjEMNv19R1jtjas5hk9sdUcPmZOLaECFRExFBxLDc2xuLJkXmglFXQbg==",
        "dependencies": {
          "Azure.Core": "1.47.1",
          "System.ClientModel": "1.6.0"
        }
      },
      "Azure.Storage.Blobs": {
        "type": "CentralTransitive",
        "requested": "[12.24.0, 13.0.0)",
        "resolved": "12.24.1",
        "contentHash": "479Z9ps9yl9XyhU45bbU2CU4e2B23S6FJiSiL9LpfZHU6eNXXD9Jb6rYdwY+qqmm852RhqICXBpX3Sql4DLBew==",
        "dependencies": {
          "Azure.Storage.Common": "12.23.0"
        }
      },
      "Azure.Storage.Files.Shares": {
        "type": "CentralTransitive",
        "requested": "[12.25.0, )",
        "resolved": "12.25.0",
        "contentHash": "nwigc51DNoe83joeXuAWI6WIgrp0+u07ijdeE0/I6IbqQvrQcKI1whB6jiBKucRsNpk47lo0X8w/r+L42Ll79g==",
        "dependencies": {
          "Azure.Core": "1.50.0",
          "Azure.Storage.Common": "12.26.0"
        }
      },
      "Duende.IdentityServer.EntityFramework.Storage": {
        "type": "CentralTransitive",
        "requested": "[7.4.7, )",
        "resolved": "7.4.7",
        "contentHash": "aVl8c2Y1C2+m/Us61BFkP12a11jZVA0Jv13D7PW4Sl1vgmcurPuHFVTjXOo1igNAMZNp6HM3TIASjIA0O6TdIw==",
        "dependencies": {
          "Duende.IdentityServer.Storage": "7.4.7",
          "Microsoft.EntityFrameworkCore.Relational": "10.0.0"
        }
      },
      "HtmlAgilityPack": {
        "type": "CentralTransitive",
        "requested": "[1.12.4, )",
        "resolved": "1.12.4",
        "contentHash": "ljqvBabvFwKoLniuoQKO8b5bJfJweKLs4fUNS/V5dsvpo0A8MlJqxxn9XVmP2DaskbUXty6IYaWAi1SArGIMeQ=="
      },
      "IPAddressRange": {
        "type": "CentralTransitive",
        "requested": "[6.3.0, )",
        "resolved": "6.3.0",
        "contentHash": "VrGoeUz+ZK2QiwHNj+vab9uOvTDucenRseJZjc4uB7ASduQ7RNWnpd8gy1e9z2BsY4VoigVaCRrcQCQKuQVSiw=="
      },
      "MailChimp.Net.V3": {
        "type": "CentralTransitive",
        "requested": "[5.8.2, 6.0.0)",
        "resolved": "5.8.2",
        "contentHash": "CRYuYnPxWK6XKRMgWoJ66LnACV1CDtgZQVQjipgjYyLj1NIDdMRONwXHsCIvM8sLtamjz7kqGfxqj49oWOMZMQ==",
        "dependencies": {
          "Newtonsoft.Json": "13.0.3"
        }
      },
      "Microsoft.AspNetCore.DataProtection.EntityFrameworkCore": {
        "type": "CentralTransitive",
        "requested": "[10.0.5, )",
        "resolved": "10.0.5",
        "contentHash": "gYY7b9GQ7QO6JmdqTcuZIF7uECe3c5OO7YKYPmZZU71L6GS8HnGetkaM1GnFlXFz5Fz6LdXs55lJ22g710+qTA==",
        "dependencies": {
          "Microsoft.EntityFrameworkCore": "10.0.5"
        }
      },
      "Microsoft.AspNetCore.Identity.EntityFrameworkCore": {
        "type": "CentralTransitive",
        "requested": "[10.0.5, )",
        "resolved": "10.0.5",
        "contentHash": "oo1uauTwgcnhYgituZ2nI3wJ8XN9z76ggu2zkOJu1BCfOOsqr+g08Kr4MOiMuXEhwySkpIV+MVoC25hC1288NA==",
        "dependencies": {
          "Microsoft.EntityFrameworkCore.Relational": "10.0.5"
        }
      },
      "Microsoft.AspNetCore.Identity.UI": {
        "type": "CentralTransitive",
        "requested": "[10.0.5, )",
        "resolved": "10.0.5",
        "contentHash": "qzYhpJ4Uxng18hmuKqwqydZaPzItrv9WOwNULJ2ka952TZKlOQkERTSkVO8G/19WiRtoznZatrcRyOvppYRGFA==",
        "dependencies": {
          "Microsoft.Extensions.FileProviders.Embedded": "10.0.5"
        }
      },
      "Microsoft.Data.Sqlite.Core": {
        "type": "CentralTransitive",
        "requested": "[10.0.5, )",
        "resolved": "10.0.5",
        "contentHash": "jFYXnh7s0RShCw6Vkf+ReGCw+mVi7ISg1YaEzYCJcXnUifmbW+aqvCsRJuSRj2ZuQ+oqetpjxlZtbpMmk5FKqQ==",
        "dependencies": {
          "SQLitePCLRaw.core": "2.1.11"
        }
      },
      "Microsoft.EntityFrameworkCore": {
        "type": "CentralTransitive",
        "requested": "[10.0.5, )",
        "resolved": "10.0.5",
        "contentHash": "9tNBmK3EpYVGRQLiqP+bqK2m+TD0Gv//4vCzR7ZOgl4FWzCFyOpYdIVka13M4kcBdPdSJcs3wbHr3rmzOqbIMA==",
        "dependencies": {
          "Microsoft.EntityFrameworkCore.Abstractions": "10.0.5",
          "Microsoft.EntityFrameworkCore.Analyzers": "10.0.5"
        }
      },
      "Microsoft.EntityFrameworkCore.Cosmos": {
        "type": "CentralTransitive",
        "requested": "[10.0.5, )",
        "resolved": "10.0.5",
        "contentHash": "gU4/whC+b2WLB6P4vYzLVgLTYAz71rZxBftpxSh/jE8Wy1oWFQS31IPbCGIRhcP9PuRq0GM3GfoHdOWlek+IcA==",
        "dependencies": {
          "Microsoft.Azure.Cosmos": "3.51.0",
          "Microsoft.EntityFrameworkCore": "10.0.5",
          "Newtonsoft.Json": "13.0.3"
        }
      },
      "Microsoft.EntityFrameworkCore.Design": {
        "type": "CentralTransitive",
        "requested": "[10.0.5, )",
        "resolved": "10.0.5",
        "contentHash": "gm6f0cC2w/2tcd4GeZJqEMruTercpIJfO5sSAFLtqTqblDBHgAFk70xwshUIUVX4I6sZwdEUSd1YxoKFk1AL0w==",
        "dependencies": {
          "Humanizer.Core": "2.14.1",
          "Microsoft.Build.Framework": "18.0.2",
          "Microsoft.CodeAnalysis.CSharp": "5.0.0",
          "Microsoft.CodeAnalysis.CSharp.Workspaces": "5.0.0",
          "Microsoft.CodeAnalysis.Workspaces.MSBuild": "5.0.0",
          "Microsoft.EntityFrameworkCore.Relational": "10.0.5",
          "Microsoft.Extensions.DependencyModel": "10.0.5",
          "Mono.TextTemplating": "3.0.0",
          "Newtonsoft.Json": "13.0.3"
        }
      },
      "Microsoft.EntityFrameworkCore.Sqlite.Core": {
        "type": "CentralTransitive",
        "requested": "[10.0.5, )",
        "resolved": "10.0.5",
        "contentHash": "rVH43bcUyZiMn0SnCpVnvFpl4PFxT4GwmuVVLcT4JL0NtzuHY9ymKV+Llb5cjuJ+6+gEl4eixy2rE8nxOPcBSA==",
        "dependencies": {
          "Microsoft.Data.Sqlite.Core": "10.0.5",
          "Microsoft.EntityFrameworkCore.Relational": "10.0.5",
          "Microsoft.Extensions.DependencyModel": "10.0.5",
          "SQLitePCLRaw.core": "2.1.11"
        }
      },
      "Microsoft.EntityFrameworkCore.SqlServer": {
        "type": "CentralTransitive",
        "requested": "[10.0.5, )",
        "resolved": "10.0.5",
        "contentHash": "/3Ault1Ay6OIEp3ZGGVem4mSWyEOX9e5leUMalGV9aFM57e0xFHAnlhmNaBHYtILkbtkaAErikQuaLqMQb4fww==",
        "dependencies": {
          "Microsoft.Data.SqlClient": "6.1.1",
          "Microsoft.EntityFrameworkCore.Relational": "10.0.5"
        }
      },
      "Microting.EntityFrameworkCore.MySql": {
        "type": "CentralTransitive",
        "requested": "[10.0.5, )",
        "resolved": "10.0.5",
        "contentHash": "j7Ar17KmBMaPecBDDM3eh5wMny0EqyD+cWdOExdfv1AHHBMv9M7nZdoqy1ZPbShs/L6f7hfYs8i2ahTNfL6XcA==",
        "dependencies": {
          "Microsoft.EntityFrameworkCore.Relational": "[10.0.5, 10.0.999]",
          "MySqlConnector": "2.5.0"
        }
      },
      "Newtonsoft.Json": {
        "type": "CentralTransitive",
        "requested": "[13.0.3, 14.0.0)",
        "resolved": "13.0.4",
        "contentHash": "pdgNNMai3zv51W5aq268sujXUyx7SNdE2bj1wZcWjAQrKMFZV260lbqYop1d2GM67JI1huLRwxo9ZqnfF/lC6A=="
      },
      "Otp.NET": {
        "type": "CentralTransitive",
        "requested": "[1.4.1, )",
        "resolved": "1.4.1",
        "contentHash": "UXjZ80T6BfVACJWmEcz4UFZ93hwX3STKojKvVpPk3qUhubjnLwIiZMsI4Hh91HhYxC0JlatNdNrVK2wkv4O9/Q=="
      },
      "SendGrid": {
        "type": "CentralTransitive",
        "requested": "[9.29.3, )",
        "resolved": "9.29.3",
        "contentHash": "nb/zHePecN9U4/Bmct+O+lpgK994JklbCCNMIgGPOone/DngjQoMCHeTvkl+m0Nglvm0dqMEshmvB4fO8eF3dA==",
        "dependencies": {
          "Newtonsoft.Json": "13.0.1",
          "starkbank-ecdsa": "[1.3.3, 2.0.0)"
        }
      },
      "SQLitePCLRaw.bundle_e_sqlcipher": {
        "type": "CentralTransitive",
        "requested": "[2.1.11, )",
        "resolved": "2.1.11",
        "contentHash": "NFuxa/rD3Ah88jbFOgsoUjuWcLiBkj3iqgO2gJXola9NtjtCTRI3HMQtVjQDnrhCvdBOAJ4RqbwnqoEMLht8GQ==",
        "dependencies": {
          "SQLitePCLRaw.lib.e_sqlcipher": "2.1.11",
          "SQLitePCLRaw.provider.e_sqlcipher": "2.1.11"
        }
      },
      "System.Configuration.ConfigurationManager": {
        "type": "CentralTransitive",
        "requested": "[9.0.0, 10.0.0)",
        "resolved": "9.0.4",
        "contentHash": "dvjqKp+2LpGid6phzrdrS/2mmEPxFl3jE1+L7614q4ZChKbLJCpHXg6sBILlCCED1t//EE+un/UdAetzIMpqnw==",
        "dependencies": {
          "System.Security.Cryptography.ProtectedData": "9.0.4"
        }
      },
      "X.Web.Sitemap": {
        "type": "CentralTransitive",
        "requested": "[2.11.3, 3.0.0)",
        "resolved": "2.11.3",
        "contentHash": "fRR23CE/O0yjJVGgshgFeo3VzsFFddSVYPVvuGeVeKX/squH0d4RvdQasXkv5TdrH9WzP7xcRzep8zS7001qyw=="
      }
    },
    "net10.0/linux-x64": {
      "System.Data.SqlClient": {
        "type": "Direct",
        "requested": "[4.9.0, )",
        "resolved": "4.9.0",
        "contentHash": "j4KJO+vC62NyUtNHz854njEqXbT8OmAa5jb1nrGfYWBOcggyYUQE0w/snXeaCjdvkSKWuUD+hfvlbN8pTrJTXg==",
        "dependencies": {
          "runtime.native.System.Data.SqlClient.sni": "4.4.0"
        }
      },
      "Microsoft.Azure.Cosmos": {
        "type": "Transitive",
        "resolved": "3.51.0",
        "contentHash": "g3dBhncM1rpEJ2ZVnZ/oHYIg0rrH6RlYa8mmuqk9WFR6dfyWoTF+nwT2SoQUy4df6lB7lW61M41xjdVioIqQ5w==",
        "dependencies": {
          "Azure.Core": "1.44.1",
          "Microsoft.Bcl.AsyncInterfaces": "6.0.0",
          "Microsoft.Bcl.HashCode": "1.1.0",
          "System.Configuration.ConfigurationManager": "6.0.0"
        }
      },
      "Microsoft.Data.SqlClient": {
        "type": "Transitive",
        "resolved": "6.1.1",
        "contentHash": "syGQmIUPAYYHAHyTD8FCkTNThpQWvoA7crnIQRMfp8dyB5A2cWU3fQexlRTFkVmV7S0TjVmthi0LJEFVjHo8AQ==",
        "dependencies": {
          "Azure.Core": "1.47.1",
          "Azure.Identity": "1.14.2",
          "Microsoft.Bcl.Cryptography": "9.0.4",
          "Microsoft.Data.SqlClient.SNI.runtime": "6.0.2",
          "Microsoft.IdentityModel.JsonWebTokens": "7.7.1",
          "Microsoft.IdentityModel.Protocols.OpenIdConnect": "7.7.1",
          "Microsoft.SqlServer.Server": "1.0.0",
          "System.Configuration.ConfigurationManager": "9.0.4",
          "System.Security.Cryptography.Pkcs": "9.0.4"
        }
      },
      "Microsoft.Data.SqlClient.SNI.runtime": {
        "type": "Transitive",
        "resolved": "6.0.2",
        "contentHash": "f+pRODTWX7Y67jXO3T5S2dIPZ9qMJNySjlZT/TKmWVNWe19N8jcWmHaqHnnchaq3gxEKv1SWVY5EFzOD06l41w=="
      },
      "Microsoft.Win32.SystemEvents": {
        "type": "Transitive",
        "resolved": "10.0.5",
        "contentHash": "a7rC0Qb5JGiA4f4ooqQjsx17LgYkb9feOcMNGyBXGqYmqC4ZoLbrV98zn7Kr5Z39BIU10Bti80Jwm/QAw+45VA=="
      },
      "runtime.win-arm64.runtime.native.System.Data.SqlClient.sni": {
        "type": "Transitive",
        "resolved": "4.4.0",
        "contentHash": "LbrynESTp3bm5O/+jGL8v0Qg5SJlTV08lpIpFesXjF6uGNMWqFnUQbYBJwZTeua6E/Y7FIM1C54Ey1btLWupdg=="
      },
      "runtime.win-x64.runtime.native.System.Data.SqlClient.sni": {
        "type": "Transitive",
        "resolved": "4.4.0",
        "contentHash": "38ugOfkYJqJoX9g6EYRlZB5U2ZJH51UP8ptxZgdpS07FgOEToV+lS11ouNK2PM12Pr6X/PpT5jK82G3DwH/SxQ=="
      },
      "runtime.win-x86.runtime.native.System.Data.SqlClient.sni": {
        "type": "Transitive",
        "resolved": "4.4.0",
        "contentHash": "YhEdSQUsTx+C8m8Bw7ar5/VesXvCFMItyZF7G1AUY+OM0VPZUOeAVpJ4Wl6fydBGUYZxojTDR3I6Bj/+BPkJNA=="
      },
      "SQLitePCLRaw.lib.e_sqlcipher": {
        "type": "Transitive",
        "resolved": "2.1.11",
        "contentHash": "Cg6UPeDbH8jyaOs1vqXYIgeewH0wYrBnmbC5Ml3GYBo+GKzNmyxrWSO52JV68bfB7Addt/PZLMekJV1RH2ftWQ=="
      },
      "System.Security.Cryptography.Pkcs": {
        "type": "Transitive",
        "resolved": "9.0.4",
        "contentHash": "cUFTcMlz/Qw9s90b2wnWSCvHdjv51Bau9FQqhsr4TlwSe1OX+7SoXUqphis5G74MLOvMOCghxPPlEqOdCrVVGA=="
      }
    }
  }
}