{
  "version": 2,
  "dependencies": {
    "net10.0": {
      "Microsoft.AspNetCore.Authentication.Google": {
        "type": "Direct",
        "requested": "[10.0.7, )",
        "resolved": "10.0.7",
        "contentHash": "P+EStKGKTMQQxB31HUKDiIRYVOP73YIxvOl1ICR3BmGfWAFwSZAyuMvkfP+PGFj37kkoicE0vjhggJN4vYgzoA=="
      },
      "Microsoft.AspNetCore.Authentication.MicrosoftAccount": {
        "type": "Direct",
        "requested": "[10.0.7, )",
        "resolved": "10.0.7",
        "contentHash": "4EQ7/jZ1vIRFqNvtQA9LIaNoRFV4kzCcdlNl1a5Wbar8QBlIhCEZ/dz0OBNBkQr0f5tzCl6lpZIgXLYi8uvT8Q=="
      },
      "Microsoft.AspNetCore.Diagnostics.EntityFrameworkCore": {
        "type": "Direct",
        "requested": "[10.0.7, )",
        "resolved": "10.0.7",
        "contentHash": "nKvuWOZjN7rRjeMIuqX7Z3JIyIQRaGJbmou2LH2M+PeOWg7yKJyibEdrGk+BOks43ecJKrHirpz3MGegAYvgPQ==",
        "dependencies": {
          "Microsoft.EntityFrameworkCore.Relational": "10.0.7"
        }
      },
      "Microsoft.AspNetCore.Mvc.NewtonsoftJson": {
        "type": "Direct",
        "requested": "[10.0.7, )",
        "resolved": "10.0.7",
        "contentHash": "z3aAaAEav7PYOLGRQfD9VuC20SFOoO1BgaTPXE20fOm85Uexml3zjY82srgH14frNhO3uNbu1UE5w3gt3KxWcQ==",
        "dependencies": {
          "Microsoft.AspNetCore.JsonPatch": "10.0.7",
          "Newtonsoft.Json": "13.0.3",
          "Newtonsoft.Json.Bson": "1.0.2"
        }
      },
      "Microsoft.Extensions.Caching.Cosmos": {
        "type": "Direct",
        "requested": "[1.8.0, 2.0.0)",
        "resolved": "1.8.0",
        "contentHash": "8UI41/U5yla1z48klbtRdXxxloAChRzhAm592bitBNzTlXBq87zeO6Lbdvuh5d6oLNCU0I01kw6ovTD9Z6y05g==",
        "dependencies": {
          "Microsoft.Azure.Cosmos": "3.47.0",
          "Newtonsoft.Json": "13.0.3"
        }
      },
      "Roslynator.Analyzers": {
        "type": "Direct",
        "requested": "[4.15.0, )",
        "resolved": "4.15.0",
        "contentHash": "E8fu71Y+vzhniJKy1K13Rzwm8Vjcj7CDFBpflqncKUZfc3SzuF0kMBiyMmgXNPkjWTdE3Z+30HlGgYjHONZY/Q=="
      },
      "StyleCop.Analyzers": {
        "type": "Direct",
        "requested": "[1.1.118, )",
        "resolved": "1.1.118",
        "contentHash": "Onx6ovGSqXSK07n/0eM3ZusiNdB6cIlJdabQhWGgJp3Vooy9AaLS/tigeybOJAobqbtggTamoWndz72JscZBvw=="
      },
      "AWSSDK.Core": {
        "type": "Transitive",
        "resolved": "4.0.4",
        "contentHash": "RjBk1WDrOCpsSRGn6j2lYhgiyYnXEhMctwJevNnIPIIGpgj49ifbU6FmG1Dk+1M/VSuqeTQ1WVsssziTty7b2w=="
      },
      "Azure.Core": {
        "type": "Transitive",
        "resolved": "1.54.0",
        "contentHash": "m6hHbx1q9+GCBZ5A9ykzFylPdTwscX2APH7PlnqV+yu+DH3RRtuIDJMRqdU17cMyinv0hCPofpegoyQ6qWPW7g==",
        "dependencies": {
          "Microsoft.Bcl.AsyncInterfaces": "10.0.3",
          "Microsoft.Identity.Client": "4.83.1",
          "Microsoft.Identity.Client.Extensions.Msal": "4.83.1",
          "System.ClientModel": "1.10.0",
          "System.Memory.Data": "10.0.3"
        }
      },
      "Azure.Storage.Common": {
        "type": "Transitive",
        "resolved": "12.26.0",
        "contentHash": "XaT6CDcSshZb7KaCTwc6m4EouZbLBg7ciOEpsJSdJCvkNsZJQCvPKw7V5TtXno19AA1NpwtsZriYque8mzbQVg==",
        "dependencies": {
          "Azure.Core": "1.50.0",
          "System.IO.Hashing": "10.0.1"
        }
      },
      "Duende.IdentityModel": {
        "type": "Transitive",
        "resolved": "8.0.1",
        "contentHash": "P3bNPAiyYh15VuDZP/xE7Y8ohhQloiW2KdiBzzJh3m26sPQJ3Wuxj4ur6X+A9m0qhdwx2kLeh4so0a2nEslHmw=="
      },
      "Duende.IdentityServer.Storage": {
        "type": "Transitive",
        "resolved": "7.4.7",
        "contentHash": "pP+OKt4f8u532m+nORqwe1y3PFcQAw731EnKLnMt4eBtL1YZTuivs2Oox77Eukl8pnU1JK6zibjH9TJkoeS+bQ==",
        "dependencies": {
          "Duende.IdentityModel": "8.0.1"
        }
      },
      "Microsoft.AspNetCore.JsonPatch": {
        "type": "Transitive",
        "resolved": "10.0.7",
        "contentHash": "EKAXIhmjgUIz/y1IRGAKOfbJhkl/CXbeD6mn+f7mtn3cRSq+xBBYxsoXaF3Dob5J3LIGdiZumCmHV9MkO5P7lQ==",
        "dependencies": {
          "Newtonsoft.Json": "13.0.3"
        }
      },
      "Microsoft.Azure.Cosmos": {
        "type": "Transitive",
        "resolved": "3.51.0",
        "contentHash": "g3dBhncM1rpEJ2ZVnZ/oHYIg0rrH6RlYa8mmuqk9WFR6dfyWoTF+nwT2SoQUy4df6lB7lW61M41xjdVioIqQ5w==",
        "dependencies": {
          "Azure.Core": "1.44.1",
          "Microsoft.Bcl.AsyncInterfaces": "6.0.0",
          "Microsoft.Bcl.HashCode": "1.1.0",
          "System.Configuration.ConfigurationManager": "6.0.0"
        }
      },
      "Microsoft.Bcl.AsyncInterfaces": {
        "type": "Transitive",
        "resolved": "10.0.3",
        "contentHash": "TV62UsrJZPX6gbt3c4WrtXh7bmaDIcMqf9uft1cc4L6gJXOU07hDGEh+bFQh/L2Az0R1WVOkiT66lFqS6G2NmA=="
      },
      "Microsoft.Bcl.Cryptography": {
        "type": "Transitive",
        "resolved": "9.0.4",
        "contentHash": "YgZYAWzyNuPVtPq6WNm0bqOWNjYaWgl5mBWTGZyNoXitYBUYSp6iUB9AwK0V1mo793qRJUXz2t6UZrWITZSvuQ=="
      },
      "Microsoft.Bcl.HashCode": {
        "type": "Transitive",
        "resolved": "1.1.0",
        "contentHash": "J2G1k+u5unBV+aYcwxo94ip16Rkp65pgWFb0R6zwJipzWNMgvqlWeuI7/+R+e8bob66LnSG+llLJ+z8wI94cHg=="
      },
      "Microsoft.Bcl.TimeProvider": {
        "type": "Transitive",
        "resolved": "8.0.1",
        "contentHash": "C7kWHJnMRY7EvJev2S8+yJHZ1y7A4ZlLbA4NE+O23BDIAN5mHeqND1m+SKv1ChRS5YlCDW7yAMUe7lttRsJaAA=="
      },
      "Microsoft.Data.SqlClient": {
        "type": "Transitive",
        "resolved": "6.1.1",
        "contentHash": "syGQmIUPAYYHAHyTD8FCkTNThpQWvoA7crnIQRMfp8dyB5A2cWU3fQexlRTFkVmV7S0TjVmthi0LJEFVjHo8AQ==",
        "dependencies": {
          "Azure.Core": "1.47.1",
          "Azure.Identity": "1.14.2",
          "Microsoft.Bcl.Cryptography": "9.0.4",
          "Microsoft.Data.SqlClient.SNI.runtime": "6.0.2",
          "Microsoft.IdentityModel.JsonWebTokens": "7.7.1",
          "Microsoft.IdentityModel.Protocols.OpenIdConnect": "7.7.1",
          "Microsoft.SqlServer.Server": "1.0.0",
          "System.Configuration.ConfigurationManager": "9.0.4",
          "System.Security.Cryptography.Pkcs": "9.0.4"
        }
      },
      "Microsoft.Data.SqlClient.SNI.runtime": {
        "type": "Transitive",
        "resolved": "6.0.2",
        "contentHash": "f+pRODTWX7Y67jXO3T5S2dIPZ9qMJNySjlZT/TKmWVNWe19N8jcWmHaqHnnchaq3gxEKv1SWVY5EFzOD06l41w=="
      },
      "Microsoft.EntityFrameworkCore.Abstractions": {
        "type": "Transitive",
        "resolved": "10.0.7",
        "contentHash": "TuxExnfIS/bSq3z2CbH0LwZH1oyj9iHhSGneU4fpxl3ikjZGZdSae9gcfnImV1rufH8f/ab1NnHwyL2BLyeZOg=="
      },
      "Microsoft.EntityFrameworkCore.Analyzers": {
        "type": "Transitive",
        "resolved": "10.0.7",
        "contentHash": "eZnMyiJzo249Ejg5CaFScvJS0u7neQfS9DXknAHTO6FHVMM99gO0byNXHGZmA/BOkZ13ngeVziQLHTMOtgescg=="
      },
      "Microsoft.EntityFrameworkCore.Relational": {
        "type": "Transitive",
        "resolved": "10.0.7",
        "contentHash": "midwPufIwXhOJcVhaZpCZGNbjy2QoPfHI+70nw2dGcoULEW9DybMvMPYkRjOJV0eI46a1oVFhU4lFYDEx6YUbg==",
        "dependencies": {
          "Microsoft.EntityFrameworkCore": "10.0.7"
        }
      },
      "Microsoft.Extensions.DependencyModel": {
        "type": "Transitive",
        "resolved": "10.0.7",
        "contentHash": "gCglFg/9Chu3lyJNytRuQAYM3mXQKNs1i01Cz2bc545QaHQ+LbBb4O5UCfu968Gro3ZVSOZ/ktilmPcaUSGSZA=="
      },
      "Microsoft.Extensions.FileProviders.Embedded": {
        "type": "Transitive",
        "resolved": "10.0.7",
        "contentHash": "Btm5vy3ZjIy4GwG5EGSnayiUrLeDsJ6n+RgaPs2xbjA53tXRTCtkZ9v086qHF71tJuVmQiJ8o0IXlm2XVibXJw=="
      },
      "Microsoft.Identity.Client": {
        "type": "Transitive",
        "resolved": "4.83.1",
        "contentHash": "jOLIrZ3cynoqHLLO1cXplFFabrhrMEYs/EuKHvmCyrOm1axqiVFT6nCSnHxk7w5+d2BeQfCdM12Yf/0X7OeS1g==",
        "dependencies": {
          "Microsoft.IdentityModel.Abstractions": "8.14.0"
        }
      },
      "Microsoft.Identity.Client.Extensions.Msal": {
        "type": "Transitive",
        "resolved": "4.83.1",
        "contentHash": "I3k4J4Hj4KbLEFanjeUzzDOVecukETaTgEkJ7h2pP/Yazs6SLp6TVUTo/Eo+ptPXMwvc+iX7rBFtMSUrA7R+Mg==",
        "dependencies": {
          "Microsoft.Identity.Client": "4.83.1",
          "System.Security.Cryptography.ProtectedData": "4.5.0"
        }
      },
      "Microsoft.IdentityModel.Abstractions": {
        "type": "Transitive",
        "resolved": "8.14.0",
        "contentHash": "iwbCpSjD3ehfTwBhtSNEtKPK0ICun6ov7Ibx6ISNA9bfwIyzI2Siwyi9eJFCJBwxowK9xcA1mj+jBWiigeqgcQ=="
      },
      "Microsoft.IdentityModel.JsonWebTokens": {
        "type": "Transitive",
        "resolved": "8.2.0",
        "contentHash": "/DAx+9HeqfkH/PccwHx7cUtQe9fYM6AxEmTla8WXUT+w+mapKLnigWmdKtF55hNvxiSnmGhSSCcG7XrvkpGKFA==",
        "dependencies": {
          "Microsoft.Bcl.TimeProvider": "8.0.1",
          "Microsoft.IdentityModel.Tokens": "8.2.0"
        }
      },
      "Microsoft.IdentityModel.Logging": {
        "type": "Transitive",
        "resolved": "8.2.0",
        "contentHash": "mZsjOZlbmCZfM71y8Fyo+D5UJ1RZFvmKXkxTfE2llQ0/CrfEeWmbpoew51w++EWs+G8B/peZqR1DQtbX3bB6Fg==",
        "dependencies": {
          "Microsoft.IdentityModel.Abstractions": "8.2.0"
        }
      },
      "Microsoft.IdentityModel.Protocols": {
        "type": "Transitive",
        "resolved": "8.2.0",
        "contentHash": "ytjEaWazvXO8aza2+voDW2WcInIu1aI/GT+Rdo6ZGgd0yDncR9Ze9rcIST3HO9uHsdoe4kbKCIF2CltCl6qPtw==",
        "dependencies": {
          "Microsoft.IdentityModel.Tokens": "8.2.0"
        }
      },
      "Microsoft.IdentityModel.Protocols.OpenIdConnect": {
        "type": "Transitive",
        "resolved": "8.2.0",
        "contentHash": "SqTIhvZZfs4Pv7KigYTLdirB5OWf2siQPjLAeOONpyYf0oxkN2rkp6RRbL9qZSJR9QJWtgCsmXTgtU0wDYWOSA==",
        "dependencies": {
          "Microsoft.IdentityModel.Protocols": "8.2.0",
          "System.IdentityModel.Tokens.Jwt": "8.2.0"
        }
      },
      "Microsoft.IdentityModel.Tokens": {
        "type": "Transitive",
        "resolved": "8.2.0",
        "contentHash": "/I+6D3SwW8hQh5wznGzQCrS4L5y5Re/0AEKKfXXAduWzz4WKqJzY8RmjwZ6W66bIFUhPrqOy6zsLKPik4Ppnbw==",
        "dependencies": {
          "Microsoft.Bcl.TimeProvider": "8.0.1",
          "Microsoft.IdentityModel.Logging": "8.2.0"
        }
      },
      "Microsoft.IdentityModel.Validators": {
        "type": "Transitive",
        "resolved": "8.2.0",
        "contentHash": "QAeH+HvcxInbCYUlOqCe7JUvbflAe+YClSoMFRWiWmDl2zkKAQJ6sxPHERh3f4l1+cCZwFT9fSG38DA7sKApLA==",
        "dependencies": {
          "Microsoft.IdentityModel.Protocols": "8.2.0",
          "Microsoft.IdentityModel.Protocols.OpenIdConnect": "8.2.0",
          "Microsoft.IdentityModel.Tokens": "8.2.0",
          "System.IdentityModel.Tokens.Jwt": "8.2.0"
        }
      },
      "Microsoft.IO.RecyclableMemoryStream": {
        "type": "Transitive",
        "resolved": "3.0.1",
        "contentHash": "s/s20YTVY9r9TPfTrN5g8zPF1YhwxyqO6PxUkrYTGI2B+OGPe9AdajWZrLhFqXIvqIW23fnUE4+ztrUWNU1+9g=="
      },
      "Microsoft.SqlServer.Server": {
        "type": "Transitive",
        "resolved": "1.0.0",
        "contentHash": "N4KeF3cpcm1PUHym1RmakkzfkEv3GRMyofVv40uXsQhCQeglr2OHNcUk2WOG51AKpGO8ynGpo9M/kFXSzghwug=="
      },
      "MySqlConnector": {
        "type": "Transitive",
        "resolved": "2.5.0",
        "contentHash": "hoAwfHHF8DlRRqwHOhN3u1KLi+XbX/4LPS7Anfa+SYC97vRyIfdEOEEfj1L50q01Ik8aDNvmDrNmu/VPFiAiaQ=="
      },
      "Newtonsoft.Json.Bson": {
        "type": "Transitive",
        "resolved": "1.0.2",
        "contentHash": "QYFyxhaABwmq3p/21VrZNYvCg3DaEoN/wUuw5nmfAf0X3HLjgupwhkEWdgfb9nvGAUIv3osmZoD3kKl4jxEmYQ==",
        "dependencies": {
          "Newtonsoft.Json": "12.0.1"
        }
      },
      "SQLitePCLRaw.core": {
        "type": "Transitive",
        "resolved": "2.1.11",
        "contentHash": "PK0GLFkfhZzLQeR3PJf71FmhtHox+U3vcY6ZtswoMjrefkB9k6ErNJEnwXqc5KgXDSjige2XXrezqS39gkpQKA=="
      },
      "SQLitePCLRaw.lib.e_sqlcipher": {
        "type": "Transitive",
        "resolved": "2.1.11",
        "contentHash": "Cg6UPeDbH8jyaOs1vqXYIgeewH0wYrBnmbC5Ml3GYBo+GKzNmyxrWSO52JV68bfB7Addt/PZLMekJV1RH2ftWQ=="
      },
      "SQLitePCLRaw.provider.e_sqlcipher": {
        "type": "Transitive",
        "resolved": "2.1.11",
        "contentHash": "5L7YXWtPzKYHeXBHmj63QsHbLQmy0SYvhQp3xWA2yzSq1SvlnGFViveLfUDr/GEmePrqzXQ9tOJG9iQnFspfBA==",
        "dependencies": {
          "SQLitePCLRaw.core": "2.1.11"
        }
      },
      "starkbank-ecdsa": {
        "type": "Transitive",
        "resolved": "1.3.3",
        "contentHash": "OblOaKb1enXn+dSp7tsx9yjwV+/BEKM9jFhshIkZTwCk7LuTFTp+wSon6rFzuPiIiTGtvVWQNUw2slHjGktJog=="
      },
      "Std.UriTemplate": {
        "type": "Transitive",
        "resolved": "2.0.8",
        "contentHash": "IAR4gJlLVD4r/FsU/rDb1+9sbB3/tCFVZz5IzlbM2yHoiUisBi5Ek/KXRUF7RcqNARka79EoaOz9INnXvQ/O6w=="
      },
      "System.ClientModel": {
        "type": "Transitive",
        "resolved": "1.10.0",
        "contentHash": "lBEWs54F5Y5pZ9hC+8z4S/X76957ex+DPk7WecRHlbIHtrPfbRMMlOgI3iDn4Jpb3bSxvBnKaaHoD59auFjlBA==",
        "dependencies": {
          "System.Memory.Data": "10.0.3"
        }
      },
      "System.IdentityModel.Tokens.Jwt": {
        "type": "Transitive",
        "resolved": "8.2.0",
        "contentHash": "M61kEnR2ljMFL2vLHmHrodCqPO/zKsYsaRu3jdagYOP/y0ZdFoFoATyfwR0bJ5quBsWEPL5y8QU7CJiEh2kq+Q==",
        "dependencies": {
          "Microsoft.IdentityModel.JsonWebTokens": "8.2.0",
          "Microsoft.IdentityModel.Tokens": "8.2.0"
        }
      },
      "System.IO.Hashing": {
        "type": "Transitive",
        "resolved": "10.0.1",
        "contentHash": "Dy6ULPb2S0GmNndjKrEIpfibNsc8+FTOoZnqygtFDuyun8vWboQbfMpQtKUXpgTxokR5E4zFHETpNnGfeWY6NA=="
      },
      "System.Memory.Data": {
        "type": "Transitive",
        "resolved": "10.0.3",
        "contentHash": "MaGhRfGunmrj/nHjtsi9XkhlYJ/ERGWrbA+BiSKNtGnAjc9XlG5EhAvak6VRcX5LYzPF6pBO8nJ613dTgzabig=="
      },
      "System.Security.Cryptography.Pkcs": {
        "type": "Transitive",
        "resolved": "9.0.4",
        "contentHash": "cUFTcMlz/Qw9s90b2wnWSCvHdjv51Bau9FQqhsr4TlwSe1OX+7SoXUqphis5G74MLOvMOCghxPPlEqOdCrVVGA=="
      },
      "System.Security.Cryptography.ProtectedData": {
        "type": "Transitive",
        "resolved": "10.0.7",
        "contentHash": "eqKW9wyPUhZi6pxy9Y0fQO/bdHROcwj0tYdmoGEPCPCtCJLFdVVAlzuuYYEnJI64HxhoXPYGhtx891g/jwN4rg=="
      },
      "aspnetcore.identity.flexdb": {
        "type": "Project",
        "dependencies": {
          "AspNetCore.Identity.CosmosDb": "[12.0.2, )",
          "Duende.IdentityServer.EntityFramework.Storage": "[7.4.7, )",
          "Microsoft.AspNetCore.Identity.EntityFrameworkCore": "[10.0.7, )",
          "Microsoft.EntityFrameworkCore.Cosmos": "[10.0.7, )",
          "Microsoft.EntityFrameworkCore.SqlServer": "[10.0.7, )",
          "Microsoft.EntityFrameworkCore.Sqlite.Core": "[10.0.7, )",
          "Microting.EntityFrameworkCore.MySql": "[10.0.7, )",
          "SQLitePCLRaw.bundle_e_sqlcipher": "[2.1.11, )"
        }
      },
      "cosmos.blobservice": {
        "type": "Project",
        "dependencies": {
          "AWSSDK.S3": "[4.0.22.1, )",
          "Azure.Extensions.AspNetCore.DataProtection.Blobs": "[1.5.2, )",
          "Azure.Storage.Files.Shares": "[12.25.0, )",
          "Cosmos.DynamicConfig": "[12.3.0, )"
        }
      },
      "cosmos.common": {
        "type": "Project",
        "dependencies": {
          "AspNetCore.Identity.FlexDb": "[12.3.0, )",
          "Azure.Monitor.Query.Logs": "[1.0.0, )",
          "Cosmos.BlobService": "[12.3.0, )",
          "Cosmos.DynamicConfig": "[12.3.0, )",
          "MailChimp.Net.V3": "[5.8.2, 6.0.0)",
          "Microsoft.AspNetCore.DataProtection.EntityFrameworkCore": "[10.0.7, )",
          "Otp.NET": "[1.4.1, )",
          "X.Web.Sitemap": "[2.11.3, 3.0.0)"
        }
      },
      "cosmos.dynamicconfig": {
        "type": "Project",
        "dependencies": {
          "AspNetCore.Identity.FlexDb": "[12.3.0, )",
          "IPAddressRange": "[6.3.0, )",
          "Microsoft.EntityFrameworkCore": "[10.0.7, )",
          "Microsoft.EntityFrameworkCore.Cosmos": "[10.0.7, )"
        }
      },
      "cosmos.emailservices": {
        "type": "Project",
        "dependencies": {
          "AspNetCore.Identity.FlexDb": "[12.3.0, )",
          "Azure.Communication.Email": "[1.1.0, )",
          "Azure.Identity": "[1.21.0, )",
          "Cosmos.Common": "[12.3.0, )",
          "HtmlAgilityPack": "[1.12.4, )",
          "Microsoft.AspNetCore.Identity.UI": "[10.0.7, )",
          "Newtonsoft.Json": "[13.0.4, 14.0.0)",
          "SendGrid": "[9.29.3, )"
        }
      },
      "cosmos.microsoftgraph": {
        "type": "Project",
        "dependencies": {
          "Azure.Identity": "[1.21.0, )",
          "Microsoft.Graph.Beta": "[5.78.0-preview, )",
          "Microsoft.Graph.Core": "[3.2.1, )",
          "Microsoft.Kiota.Abstractions": "[2.0.0, )",
          "Microsoft.Kiota.Authentication.Azure": "[2.0.0, )",
          "Microsoft.Kiota.Http.HttpClientLibrary": "[2.0.0, )",
          "Microsoft.Kiota.Serialization.Form": "[2.0.0, )",
          "Microsoft.Kiota.Serialization.Json": "[2.0.0, )",
          "Microsoft.Kiota.Serialization.Multipart": "[2.0.0, )",
          "Microsoft.Kiota.Serialization.Text": "[2.0.0, )",
          "System.Configuration.ConfigurationManager": "[10.0.7, )"
        }
      },
      "sky.shared.razor": {
        "type": "Project",
        "dependencies": {
          "Cosmos.Common": "[12.3.0, )"
        }
      },
      "AspNetCore.Identity.CosmosDb": {
        "type": "CentralTransitive",
        "requested": "[12.0.2, )",
        "resolved": "12.0.2",
        "contentHash": "iFmhyWxLSi6kLXsL4QSQvKmBq4NCfbZo/dDXnWIoaEZSUCd61YrdDawiKJgzl2+ojtFl4XsCi58skQFjQ+fFHw==",
        "dependencies": {
          "Duende.IdentityServer.EntityFramework.Storage": "7.4.7",
          "Microsoft.AspNetCore.Identity.EntityFrameworkCore": "10.0.5",
          "Microsoft.AspNetCore.Identity.UI": "10.0.5",
          "Microsoft.EntityFrameworkCore.Cosmos": "10.0.5",
          "Newtonsoft.Json": "13.0.4"
        }
      },
      "AWSSDK.S3": {
        "type": "CentralTransitive",
        "requested": "[4.0.22.1, )",
        "resolved": "4.0.22.1",
        "contentHash": "DvD6hSsrr8Z5j+ER6msGOHFQZsgyhNWrLbO5y+1YT/VRn6uL4BFhI2YNofRsfVPaA85vOj7q/sLuexSsCXwJZg==",
        "dependencies": {
          "AWSSDK.Core": "[4.0.4, 5.0.0)"
        }
      },
      "Azure.Communication.Email": {
        "type": "CentralTransitive",
        "requested": "[1.1.0, )",
        "resolved": "1.1.0",
        "contentHash": "yR0QWbrvM/RvOxrkFWaPqzltAiF/MGoVhjm++UkEpXvN00Brc/LevJXeg2BUVbIucoxx+kKW7HTAzGKspFh8Vg==",
        "dependencies": {
          "Azure.Core": "1.49.0"
        }
      },
      "Azure.Extensions.AspNetCore.DataProtection.Blobs": {
        "type": "CentralTransitive",
        "requested": "[1.5.2, )",
        "resolved": "1.5.2",
        "contentHash": "uV/M1O+48Ug43lppo7CWKKxHEyMJZJk0twoL/OSp2aDV2Bpkmqyh1+CPr5K1umPI4NgRyPh2kpWDt37m9vkJ3g==",
        "dependencies": {
          "Azure.Core": "1.54.0",
          "Azure.Storage.Blobs": "12.26.0"
        }
      },
      "Azure.Identity": {
        "type": "CentralTransitive",
        "requested": "[1.21.0, )",
        "resolved": "1.21.0",
        "contentHash": "GeFv8sGwRKvDKwI2WFy8r0mhmlxEVZg24Sit2NogTjiSO8RVjllWM65OT6e1sKjOvG8V74y7hAbaELUUPjZQSw==",
        "dependencies": {
          "Azure.Core": "1.53.0"
        }
      },
      "Azure.Monitor.Query.Logs": {
        "type": "CentralTransitive",
        "requested": "[1.0.0, )",
        "resolved": "1.0.0",
        "contentHash": "ADXClIhgWGwPFBo3ijOix34lSedWZGWwKD+j3zhJQ1/qeDguKv1jRd+WhtJKmun0887orR9aImbWg0mIb6sIDg==",
        "dependencies": {
          "Azure.Core": "1.49.0"
        }
      },
      "Azure.Storage.Blobs": {
        "type": "CentralTransitive",
        "requested": "[12.24.0, 13.0.0)",
        "resolved": "12.26.0",
        "contentHash": "EBRSHmI0eNzdufcIS1Rf7Ez9M8V1Jl7pMV4UWDERDMCv513KtAVsgz2ez2FQP9Qnwg7uEQrP+Uc7vBtumlr7sQ==",
        "dependencies": {
          "Azure.Core": "1.47.3",
          "Azure.Storage.Common": "12.25.0"
        }
      },
      "Azure.Storage.Files.Shares": {
        "type": "CentralTransitive",
        "requested": "[12.25.0, )",
        "resolved": "12.25.0",
        "contentHash": "nwigc51DNoe83joeXuAWI6WIgrp0+u07ijdeE0/I6IbqQvrQcKI1whB6jiBKucRsNpk47lo0X8w/r+L42Ll79g==",
        "dependencies": {
          "Azure.Core": "1.50.0",
          "Azure.Storage.Common": "12.26.0"
        }
      },
      "Duende.IdentityServer.EntityFramework.Storage": {
        "type": "CentralTransitive",
        "requested": "[7.4.7, )",
        "resolved": "7.4.7",
        "contentHash": "aVl8c2Y1C2+m/Us61BFkP12a11jZVA0Jv13D7PW4Sl1vgmcurPuHFVTjXOo1igNAMZNp6HM3TIASjIA0O6TdIw==",
        "dependencies": {
          "Duende.IdentityServer.Storage": "7.4.7",
          "Microsoft.EntityFrameworkCore.Relational": "10.0.0"
        }
      },
      "HtmlAgilityPack": {
        "type": "CentralTransitive",
        "requested": "[1.12.4, )",
        "resolved": "1.12.4",
        "contentHash": "ljqvBabvFwKoLniuoQKO8b5bJfJweKLs4fUNS/V5dsvpo0A8MlJqxxn9XVmP2DaskbUXty6IYaWAi1SArGIMeQ=="
      },
      "IPAddressRange": {
        "type": "CentralTransitive",
        "requested": "[6.3.0, )",
        "resolved": "6.3.0",
        "contentHash": "VrGoeUz+ZK2QiwHNj+vab9uOvTDucenRseJZjc4uB7ASduQ7RNWnpd8gy1e9z2BsY4VoigVaCRrcQCQKuQVSiw=="
      },
      "MailChimp.Net.V3": {
        "type": "CentralTransitive",
        "requested": "[5.8.2, 6.0.0)",
        "resolved": "5.8.2",
        "contentHash": "CRYuYnPxWK6XKRMgWoJ66LnACV1CDtgZQVQjipgjYyLj1NIDdMRONwXHsCIvM8sLtamjz7kqGfxqj49oWOMZMQ==",
        "dependencies": {
          "Newtonsoft.Json": "13.0.3"
        }
      },
      "Microsoft.AspNetCore.DataProtection.EntityFrameworkCore": {
        "type": "CentralTransitive",
        "requested": "[10.0.7, )",
        "resolved": "10.0.7",
        "contentHash": "chFGlgGqA0/CuB3a9yEosU13C29U4u7etvKtn92U3sXjjECrwy5PsDUU4SIuExE9Y1s+v0sOBb+6k7x26JJp+g==",
        "dependencies": {
          "Microsoft.EntityFrameworkCore": "10.0.7"
        }
      },
      "Microsoft.AspNetCore.Identity.EntityFrameworkCore": {
        "type": "CentralTransitive",
        "requested": "[10.0.7, )",
        "resolved": "10.0.7",
        "contentHash": "WAMNMV7m019wBaem9YAyK+nsR6r5ixBL/kOPybO9QhEkwG4dOeVG3vvTTkI5I6q6fp5+MN6IuYxxV/2HYiI9vw==",
        "dependencies": {
          "Microsoft.EntityFrameworkCore.Relational": "10.0.7"
        }
      },
      "Microsoft.AspNetCore.Identity.UI": {
        "type": "CentralTransitive",
        "requested": "[10.0.7, )",
        "resolved": "10.0.7",
        "contentHash": "wKOJ7PGc1S0AubzHk6hSD1DwLFA3VZTsLsDdeeWEspFIYppdDw4+cgipFT3SqDw5SaF1/Vs+8ccVZbME192Igw==",
        "dependencies": {
          "Microsoft.Extensions.FileProviders.Embedded": "10.0.7"
        }
      },
      "Microsoft.Data.Sqlite.Core": {
        "type": "CentralTransitive",
        "requested": "[10.0.5, )",
        "resolved": "10.0.7",
        "contentHash": "xVrtBg3M1wJlBDkoT0dXEYB/wSc8bIHJPYtw/bu1AqpWgF79uPSs87DAhERR/Ilumre6TKZa1cjMg3VUUObVLA==",
        "dependencies": {
          "SQLitePCLRaw.core": "2.1.11"
        }
      },
      "Microsoft.EntityFrameworkCore": {
        "type": "CentralTransitive",
        "requested": "[10.0.7, )",
        "resolved": "10.0.7",
        "contentHash": "G6yclVO5/csPzzsymV0SemY2NDqE31CP5M3jprF5IuO9wJsh4aUOfYD8HCLuDmM1D1CfReegVic48O2r79d46Q==",
        "dependencies": {
          "Microsoft.EntityFrameworkCore.Abstractions": "10.0.7",
          "Microsoft.EntityFrameworkCore.Analyzers": "10.0.7"
        }
      },
      "Microsoft.EntityFrameworkCore.Cosmos": {
        "type": "CentralTransitive",
        "requested": "[10.0.7, )",
        "resolved": "10.0.7",
        "contentHash": "8h5VPBE6OwkxImIHPS4FyuH7rpfLYK9jTZW2vxTgzTeb4Jd1St91678Dt7jHlqL5DulJu9NSomnREOQS2bmAFA==",
        "dependencies": {
          "Microsoft.Azure.Cosmos": "3.51.0",
          "Microsoft.EntityFrameworkCore": "10.0.7",
          "Newtonsoft.Json": "13.0.3"
        }
      },
      "Microsoft.EntityFrameworkCore.Sqlite.Core": {
        "type": "CentralTransitive",
        "requested": "[10.0.7, )",
        "resolved": "10.0.7",
        "contentHash": "XVjGSW98Z/f3nFZsZILL/tntgM8i2hxUDUB4Nzt7ZvJ63MczC/VG4zjQh+m+q88SU+IJBUDipJJpkYBU57YWXg==",
        "dependencies": {
          "Microsoft.Data.Sqlite.Core": "10.0.7",
          "Microsoft.EntityFrameworkCore.Relational": "10.0.7",
          "Microsoft.Extensions.DependencyModel": "10.0.7",
          "SQLitePCLRaw.core": "2.1.11"
        }
      },
      "Microsoft.EntityFrameworkCore.SqlServer": {
        "type": "CentralTransitive",
        "requested": "[10.0.7, )",
        "resolved": "10.0.7",
        "contentHash": "jci/dpjLIZyrp0Kbt0kr1lh+7BXbJ3wNk+vTwS/Se65grEJSBC+eE2UAQsi/xSNB5lHP2dysyOMHugkpFwQwNA==",
        "dependencies": {
          "Microsoft.Data.SqlClient": "6.1.1",
          "Microsoft.EntityFrameworkCore.Relational": "10.0.7"
        }
      },
      "Microsoft.Graph.Beta": {
        "type": "CentralTransitive",
        "requested": "[5.78.0-preview, )",
        "resolved": "5.78.0-preview",
        "contentHash": "HD7wd1Tfmdtj8x0t2RohAjD9gNQxRP52id8hrY/L0EiXUj0/qG9OOKSccIfI3ATgrRZAYqKhedhbyNxO88txow==",
        "dependencies": {
          "Microsoft.Graph.Core": "3.1.12"
        }
      },
      "Microsoft.Graph.Core": {
        "type": "CentralTransitive",
        "requested": "[3.2.1, )",
        "resolved": "3.2.1",
        "contentHash": "klc7tAhlyCA4lApuZCEtTDZbqNREcPLU3uO4wkFrrxNrSbJ1oAvejuIgiI5WhIOg6XjMW7LVaDcfO6nYqxdZQQ==",
        "dependencies": {
          "Microsoft.IdentityModel.Protocols.OpenIdConnect": "8.2.0",
          "Microsoft.IdentityModel.Validators": "8.2.0",
          "Microsoft.Kiota.Abstractions": "1.15.2",
          "Microsoft.Kiota.Authentication.Azure": "1.15.2",
          "Microsoft.Kiota.Http.HttpClientLibrary": "1.15.2",
          "Microsoft.Kiota.Serialization.Form": "1.14.0",
          "Microsoft.Kiota.Serialization.Json": "1.15.2",
          "Microsoft.Kiota.Serialization.Multipart": "1.14.0",
          "Microsoft.Kiota.Serialization.Text": "1.14.0"
        }
      },
      "Microsoft.Kiota.Abstractions": {
        "type": "CentralTransitive",
        "requested": "[2.0.0, )",
        "resolved": "2.0.0",
        "contentHash": "cb0KA6QGvqMR1xNIjmErb5CiEbQJ/6odKcuPn2GTWD+aRMuldKDqRqRWMDT7MOBcUk9waJyJsgDG+ItQA01JmA==",
        "dependencies": {
          "Std.UriTemplate": "2.0.8"
        }
      },
      "Microsoft.Kiota.Authentication.Azure": {
        "type": "CentralTransitive",
        "requested": "[2.0.0, )",
        "resolved": "2.0.0",
        "contentHash": "O890EE/4mIwfZbAeayZ0dXMSJVZWwUDcvOeH2GEmUbEQlSn+w37OHhuPClhIN4UO7EcqNC5N9ynyQWhOF+FWCg==",
        "dependencies": {
          "Azure.Core": "1.50.0",
          "Microsoft.Kiota.Abstractions": "2.0.0"
        }
      },
      "Microsoft.Kiota.Http.HttpClientLibrary": {
        "type": "CentralTransitive",
        "requested": "[2.0.0, )",
        "resolved": "2.0.0",
        "contentHash": "oZ3ZR84InWEST6GyO9EBZMHweeprzlMiVsGy5dt9ec8Py1d6fgs4Yyyv0LJ56WoPc3Og5mM84pz3qD4hpiCT9w==",
        "dependencies": {
          "Microsoft.Kiota.Abstractions": "2.0.0"
        }
      },
      "Microsoft.Kiota.Serialization.Form": {
        "type": "CentralTransitive",
        "requested": "[2.0.0, )",
        "resolved": "2.0.0",
        "contentHash": "Sm7dLRzwJRx80o/U5LUI0ICX4k0hT3tZgLAfXbO/UehsX4YVu6yiuOwCNdXlvE9tnC5LWcQdi9RRCSo3fQgI+A==",
        "dependencies": {
          "Microsoft.IO.RecyclableMemoryStream": "3.0.1",
          "Microsoft.Kiota.Abstractions": "2.0.0"
        }
      },
      "Microsoft.Kiota.Serialization.Json": {
        "type": "CentralTransitive",
        "requested": "[2.0.0, )",
        "resolved": "2.0.0",
        "contentHash": "0QB6RWSA3u7kQEDyaY3a3dVA98Fk2UwuYpusvX2aXmkQLPFijW4XKujQazHMoalx26fmSg6RF85ZJBqGzmgucA==",
        "dependencies": {
          "Microsoft.IO.RecyclableMemoryStream": "3.0.1",
          "Microsoft.Kiota.Abstractions": "2.0.0"
        }
      },
      "Microsoft.Kiota.Serialization.Multipart": {
        "type": "CentralTransitive",
        "requested": "[2.0.0, )",
        "resolved": "2.0.0",
        "contentHash": "IR27DQpYul43E+2Nw2mzEMFIzwiRjQCnCOfylIE/dlFra3QjoT/s5bhYv9ZN182U0ajkiQYYT/UORvpgGau4mw==",
        "dependencies": {
          "Microsoft.IO.RecyclableMemoryStream": "3.0.1",
          "Microsoft.Kiota.Abstractions": "2.0.0"
        }
      },
      "Microsoft.Kiota.Serialization.Text": {
        "type": "CentralTransitive",
        "requested": "[2.0.0, )",
        "resolved": "2.0.0",
        "contentHash": "yuQZ8VIWc3NCpK439zG105sAfyFkq8kA+fvxfXI1DA76gTGKNLBJtX8ljyuhMhcYCl/Uu9AOm/vfbbI/P5TapQ==",
        "dependencies": {
          "Microsoft.IO.RecyclableMemoryStream": "3.0.1",
          "Microsoft.Kiota.Abstractions": "2.0.0"
        }
      },
      "Microting.EntityFrameworkCore.MySql": {
        "type": "CentralTransitive",
        "requested": "[10.0.7, )",
        "resolved": "10.0.7",
        "contentHash": "FNohIzR0HuCsGNc8kHDeICt3cReGCGO0mZ5SOzcTlmZZgZux7GN/ekBcjGb2LwT81wJIi0R5Xh1xZrPXvF7m9A==",
        "dependencies": {
          "Microsoft.EntityFrameworkCore.Relational": "[10.0.7, 10.0.999]",
          "MySqlConnector": "2.5.0"
        }
      },
      "Newtonsoft.Json": {
        "type": "CentralTransitive",
        "requested": "[13.0.4, 14.0.0)",
        "resolved": "13.0.4",
        "contentHash": "pdgNNMai3zv51W5aq268sujXUyx7SNdE2bj1wZcWjAQrKMFZV260lbqYop1d2GM67JI1huLRwxo9ZqnfF/lC6A=="
      },
      "Otp.NET": {
        "type": "CentralTransitive",
        "requested": "[1.4.1, )",
        "resolved": "1.4.1",
        "contentHash": "UXjZ80T6BfVACJWmEcz4UFZ93hwX3STKojKvVpPk3qUhubjnLwIiZMsI4Hh91HhYxC0JlatNdNrVK2wkv4O9/Q=="
      },
      "SendGrid": {
        "type": "CentralTransitive",
        "requested": "[9.29.3, )",
        "resolved": "9.29.3",
        "contentHash": "nb/zHePecN9U4/Bmct+O+lpgK994JklbCCNMIgGPOone/DngjQoMCHeTvkl+m0Nglvm0dqMEshmvB4fO8eF3dA==",
        "dependencies": {
          "Newtonsoft.Json": "13.0.1",
          "starkbank-ecdsa": "[1.3.3, 2.0.0)"
        }
      },
      "SQLitePCLRaw.bundle_e_sqlcipher": {
        "type": "CentralTransitive",
        "requested": "[2.1.11, )",
        "resolved": "2.1.11",
        "contentHash": "NFuxa/rD3Ah88jbFOgsoUjuWcLiBkj3iqgO2gJXola9NtjtCTRI3HMQtVjQDnrhCvdBOAJ4RqbwnqoEMLht8GQ==",
        "dependencies": {
          "SQLitePCLRaw.lib.e_sqlcipher": "2.1.11",
          "SQLitePCLRaw.provider.e_sqlcipher": "2.1.11"
        }
      },
      "System.Configuration.ConfigurationManager": {
        "type": "CentralTransitive",
        "requested": "[10.0.7, )",
        "resolved": "10.0.7",
        "contentHash": "NUV7+8ZpwAdtylEypliCwxTyMtt5oARCdEN9hOflL2dq5sGXHKAtBoVs1rb8qEj85ThC/5vJKDQmdiqKxZRgag==",
        "dependencies": {
          "System.Security.Cryptography.ProtectedData": "10.0.7"
        }
      },
      "X.Web.Sitemap": {
        "type": "CentralTransitive",
        "requested": "[2.11.3, 3.0.0)",
        "resolved": "2.11.3",
        "contentHash": "fRR23CE/O0yjJVGgshgFeo3VzsFFddSVYPVvuGeVeKX/squH0d4RvdQasXkv5TdrH9WzP7xcRzep8zS7001qyw=="
      }
    }
  }
}